// !$*UTF8*$!
{
	archiveVersion = 1;
	classes = {
	};
	objectVersion = 56;
	objects = {

/* Begin PBXBuildFile section */
		2003674E2B4AE6BA00862E66 /* TopRatedCarouselConfigurator.swift in Sources */ = {isa = PBXBuildFile; fileRef = 2003674D2B4AE6BA00862E66 /* TopRatedCarouselConfigurator.swift */; };
		200367512B4F54F400862E66 /* MoviesSectionConfigurator.swift in Sources */ = {isa = PBXBuildFile; fileRef = 200367502B4F54F400862E66 /* MoviesSectionConfigurator.swift */; };
		2009D8BF2B83C33500918D1E /* MovieListWorkerTests.swift in Sources */ = {isa = PBXBuildFile; fileRef = 2009D8BE2B83C33500918D1E /* MovieListWorkerTests.swift */; };
		2009D8C12B84BA3200918D1E /* SpyNetworkManager.swift in Sources */ = {isa = PBXBuildFile; fileRef = 2009D8C02B84BA3200918D1E /* SpyNetworkManager.swift */; };
		2009D8C42B850B2700918D1E /* TokenProviderStub.swift in Sources */ = {isa = PBXBuildFile; fileRef = 2009D8C32B850B2700918D1E /* TokenProviderStub.swift */; };
		2009D8C92B86520200918D1E /* MovieListInteractorTests.swift in Sources */ = {isa = PBXBuildFile; fileRef = 2009D8C82B86520200918D1E /* MovieListInteractorTests.swift */; };
		2009D8CE2B8656B100918D1E /* MovieListPresenterSpy.swift in Sources */ = {isa = PBXBuildFile; fileRef = 2009D8CD2B8656B100918D1E /* MovieListPresenterSpy.swift */; };
		202DB1EE2B27739E003913BE /* TopRatedCarousel.swift in Sources */ = {isa = PBXBuildFile; fileRef = 202DB1ED2B27739E003913BE /* TopRatedCarousel.swift */; };
		203C783F2B2B64DF000C7521 /* Carousel.swift in Sources */ = {isa = PBXBuildFile; fileRef = 203C783E2B2B64DF000C7521 /* Carousel.swift */; };
		203C78412B2C4D19000C7521 /* Colors.xcassets in Resources */ = {isa = PBXBuildFile; fileRef = 203C78402B2C4D19000C7521 /* Colors.xcassets */; };
		204CECDD2B87A866002DB095 /* MovieListWorkerSpy.swift in Sources */ = {isa = PBXBuildFile; fileRef = 204CECDC2B87A866002DB095 /* MovieListWorkerSpy.swift */; };
		204CECDF2B87B461002DB095 /* MovieListResponse+Fixtures.swift in Sources */ = {isa = PBXBuildFile; fileRef = 204CECDE2B87B461002DB095 /* MovieListResponse+Fixtures.swift */; };
		206361EA2B7CD95000AEED44 /* Invalid_Get_Movie_Response.json in Resources */ = {isa = PBXBuildFile; fileRef = 206361E92B7CD95000AEED44 /* Invalid_Get_Movie_Response.json */; };
		206361EE2B7CFC6E00AEED44 /* WS_Error_Response.json in Resources */ = {isa = PBXBuildFile; fileRef = 206361ED2B7CFC6E00AEED44 /* WS_Error_Response.json */; };
		206361F12B7D276100AEED44 /* Data+JSON.swift in Sources */ = {isa = PBXBuildFile; fileRef = 206361F02B7D276100AEED44 /* Data+JSON.swift */; };
		209BEC2D2B77F0DA00AB7B88 /* URLSessionProtocolTests.swift in Sources */ = {isa = PBXBuildFile; fileRef = 209BEC2C2B77F0DA00AB7B88 /* URLSessionProtocolTests.swift */; };
		209BEC332B78417000AB7B88 /* NetworkManagerTests.swift in Sources */ = {isa = PBXBuildFile; fileRef = 209BEC322B78417000AB7B88 /* NetworkManagerTests.swift */; };
		209BEC382B79405300AB7B88 /* MockURLSession.swift in Sources */ = {isa = PBXBuildFile; fileRef = 209BEC372B79405300AB7B88 /* MockURLSession.swift */; };
		209BEC3A2B7A244F00AB7B88 /* RxTest in Frameworks */ = {isa = PBXBuildFile; productRef = 209BEC392B7A244F00AB7B88 /* RxTest */; };
		209BEC4D2B7BD34D00AB7B88 /* GET_Movie_Response.json in Resources */ = {isa = PBXBuildFile; fileRef = 209BEC4C2B7BD34D00AB7B88 /* GET_Movie_Response.json */; };
		209BEC502B7BD75800AB7B88 /* GenericObjectMapperTests.swift in Sources */ = {isa = PBXBuildFile; fileRef = 209BEC4F2B7BD75800AB7B88 /* GenericObjectMapperTests.swift */; };
		20AA355D2B0E1835006B8C3B /* MovieApp.swift in Sources */ = {isa = PBXBuildFile; fileRef = 20AA355C2B0E1835006B8C3B /* MovieApp.swift */; };
		20AA355F2B0E1835006B8C3B /* ContentView.swift in Sources */ = {isa = PBXBuildFile; fileRef = 20AA355E2B0E1835006B8C3B /* ContentView.swift */; };
		20AA35612B0E1837006B8C3B /* Assets.xcassets in Resources */ = {isa = PBXBuildFile; fileRef = 20AA35602B0E1837006B8C3B /* Assets.xcassets */; };
		20AA35642B0E1837006B8C3B /* Preview Assets.xcassets in Resources */ = {isa = PBXBuildFile; fileRef = 20AA35632B0E1837006B8C3B /* Preview Assets.xcassets */; };
		20AA35662B0E1837006B8C3B /* Persistence.swift in Sources */ = {isa = PBXBuildFile; fileRef = 20AA35652B0E1837006B8C3B /* Persistence.swift */; };
		20AA35692B0E1837006B8C3B /* MovieApp.xcdatamodeld in Sources */ = {isa = PBXBuildFile; fileRef = 20AA35672B0E1837006B8C3B /* MovieApp.xcdatamodeld */; };
		20AA358F2B0E6A90006B8C3B /* HttpClient.swift in Sources */ = {isa = PBXBuildFile; fileRef = 20AA358E2B0E6A90006B8C3B /* HttpClient.swift */; };
		20AA35922B0E6C23006B8C3B /* RxSwift in Frameworks */ = {isa = PBXBuildFile; productRef = 20AA35912B0E6C23006B8C3B /* RxSwift */; };
		20AA35942B0F596C006B8C3B /* Enums.swift in Sources */ = {isa = PBXBuildFile; fileRef = 20AA35932B0F596C006B8C3B /* Enums.swift */; };
		20AA35962B0F5F6E006B8C3B /* URLSessionProtocol.swift in Sources */ = {isa = PBXBuildFile; fileRef = 20AA35952B0F5F6E006B8C3B /* URLSessionProtocol.swift */; };
		20AA35982B0F625E006B8C3B /* NetworkManger.swift in Sources */ = {isa = PBXBuildFile; fileRef = 20AA35972B0F625E006B8C3B /* NetworkManger.swift */; };
		20C651902B1499850089E59C /* RefreshTokenService.swift in Sources */ = {isa = PBXBuildFile; fileRef = 20C6518F2B1499850089E59C /* RefreshTokenService.swift */; };
		20C651942B14A1CE0089E59C /* APIConfiguration.swift in Sources */ = {isa = PBXBuildFile; fileRef = 20C651932B14A1CE0089E59C /* APIConfiguration.swift */; };
		20C651962B14DAC60089E59C /* GenericObjectMapper.swift in Sources */ = {isa = PBXBuildFile; fileRef = 20C651952B14DAC60089E59C /* GenericObjectMapper.swift */; };
		20C651992B172F360089E59C /* HomeScreen.swift in Sources */ = {isa = PBXBuildFile; fileRef = 20C651982B172F360089E59C /* HomeScreen.swift */; };
		20C6519B2B1747F70089E59C /* icons.xcassets in Resources */ = {isa = PBXBuildFile; fileRef = 20C6519A2B1747F60089E59C /* icons.xcassets */; };
		20C6519F2B1756930089E59C /* MovieCell.swift in Sources */ = {isa = PBXBuildFile; fileRef = 20C6519E2B1756930089E59C /* MovieCell.swift */; };
		20C651A12B1756EC0089E59C /* MoviesSection.swift in Sources */ = {isa = PBXBuildFile; fileRef = 20C651A02B1756EC0089E59C /* MoviesSection.swift */; };
		20D4ADDE2B7E6B220044BDFE /* RefreshTokenServiceTests.swift in Sources */ = {isa = PBXBuildFile; fileRef = 20D4ADDD2B7E6B220044BDFE /* RefreshTokenServiceTests.swift */; };
		20D4ADE32B7E73090044BDFE /* NetworkManagerStub.swift in Sources */ = {isa = PBXBuildFile; fileRef = 20D4ADE22B7E73090044BDFE /* NetworkManagerStub.swift */; };
		20F43F7E2B569A8B002434FC /* Coordinator.swift in Sources */ = {isa = PBXBuildFile; fileRef = 20F43F7D2B569A8B002434FC /* Coordinator.swift */; };
		20F43F812B569E60002434FC /* Router.swift in Sources */ = {isa = PBXBuildFile; fileRef = 20F43F802B569E60002434FC /* Router.swift */; };
		20F43F832B56C3F6002434FC /* NavigationRouter.swift in Sources */ = {isa = PBXBuildFile; fileRef = 20F43F822B56C3F6002434FC /* NavigationRouter.swift */; };
		20F43F852B56CA9F002434FC /* MainCoordinator.swift in Sources */ = {isa = PBXBuildFile; fileRef = 20F43F842B56CA9F002434FC /* MainCoordinator.swift */; };
		20F43F912B57E984002434FC /* Route.swift in Sources */ = {isa = PBXBuildFile; fileRef = 20F43F902B57E984002434FC /* Route.swift */; };
		20F43F982B57ECF8002434FC /* MovieDetail.swift in Sources */ = {isa = PBXBuildFile; fileRef = 20F43F972B57ECF8002434FC /* MovieDetail.swift */; };
		20F4DCB12B42DE6500E01B33 /* MovieListConfigurator.swift in Sources */ = {isa = PBXBuildFile; fileRef = 20F4DCB02B42DE6500E01B33 /* MovieListConfigurator.swift */; };
		20F4DCB82B4306E000E01B33 /* netfox in Frameworks */ = {isa = PBXBuildFile; productRef = 20F4DCB72B4306E000E01B33 /* netfox */; };
		20F58D722B568A65000DC3E3 /* AppDelegate.swift in Sources */ = {isa = PBXBuildFile; fileRef = 20F58D712B568A65000DC3E3 /* AppDelegate.swift */; };
		20F58D742B568AF3000DC3E3 /* SceneDelegate.swift in Sources */ = {isa = PBXBuildFile; fileRef = 20F58D732B568AF3000DC3E3 /* SceneDelegate.swift */; };
		20F7F5622B332942005E7FA9 /* MoviesListRQ.swift in Sources */ = {isa = PBXBuildFile; fileRef = 20F7F5612B332942005E7FA9 /* MoviesListRQ.swift */; };
		20F7F5652B332961005E7FA9 /* MoviesListRS.swift in Sources */ = {isa = PBXBuildFile; fileRef = 20F7F5642B332961005E7FA9 /* MoviesListRS.swift */; };
		20F7F56B2B39D8B1005E7FA9 /* MovieListWorker.swift in Sources */ = {isa = PBXBuildFile; fileRef = 20F7F56A2B39D8B0005E7FA9 /* MovieListWorker.swift */; };
		20F7F56D2B39F1B6005E7FA9 /* MovieListModel.swift in Sources */ = {isa = PBXBuildFile; fileRef = 20F7F56C2B39F1B6005E7FA9 /* MovieListModel.swift */; };
		20F7F5702B39F23B005E7FA9 /* ApiErrorDto.swift in Sources */ = {isa = PBXBuildFile; fileRef = 20F7F56F2B39F23B005E7FA9 /* ApiErrorDto.swift */; };
		20F7F5732B3B74CB005E7FA9 /* Encodable+Dictionary.swift in Sources */ = {isa = PBXBuildFile; fileRef = 20F7F5722B3B74CB005E7FA9 /* Encodable+Dictionary.swift */; };
		20F7F5762B3C8475005E7FA9 /* MovieListInteractor.swift in Sources */ = {isa = PBXBuildFile; fileRef = 20F7F5752B3C8475005E7FA9 /* MovieListInteractor.swift */; };
		20F7F5792B3CDA04005E7FA9 /* MovieListPresenter.swift in Sources */ = {isa = PBXBuildFile; fileRef = 20F7F5782B3CDA04005E7FA9 /* MovieListPresenter.swift */; };
		20F7F57C2B3EC4E1005E7FA9 /* HomeInteractor.swift in Sources */ = {isa = PBXBuildFile; fileRef = 20F7F57B2B3EC4E1005E7FA9 /* HomeInteractor.swift */; };
		20F7F57F2B3EC9D8005E7FA9 /* HomePresenter.swift in Sources */ = {isa = PBXBuildFile; fileRef = 20F7F57E2B3EC9D8005E7FA9 /* HomePresenter.swift */; };
		20F7F5822B3F2DBE005E7FA9 /* HomeModel.swift in Sources */ = {isa = PBXBuildFile; fileRef = 20F7F5812B3F2DBE005E7FA9 /* HomeModel.swift */; };
		20F7F5882B41A7C6005E7FA9 /* MovieListScreen.swift in Sources */ = {isa = PBXBuildFile; fileRef = 20F7F5872B41A7C6005E7FA9 /* MovieListScreen.swift */; };
		20F7F58B2B41B6C6005E7FA9 /* HomeConfigurator.swift in Sources */ = {isa = PBXBuildFile; fileRef = 20F7F58A2B41B6C6005E7FA9 /* HomeConfigurator.swift */; };
/* End PBXBuildFile section */

/* Begin PBXContainerItemProxy section */
		20AA356F2B0E1837006B8C3B /* PBXContainerItemProxy */ = {
			isa = PBXContainerItemProxy;
			containerPortal = 20AA35512B0E1835006B8C3B /* Project object */;
			proxyType = 1;
			remoteGlobalIDString = 20AA35582B0E1835006B8C3B;
			remoteInfo = MovieApp;
		};
/* End PBXContainerItemProxy section */

/* Begin PBXFileReference section */
		2003674D2B4AE6BA00862E66 /* TopRatedCarouselConfigurator.swift */ = {isa = PBXFileReference; lastKnownFileType = sourcecode.swift; path = TopRatedCarouselConfigurator.swift; sourceTree = "<group>"; };
		200367502B4F54F400862E66 /* MoviesSectionConfigurator.swift */ = {isa = PBXFileReference; lastKnownFileType = sourcecode.swift; path = MoviesSectionConfigurator.swift; sourceTree = "<group>"; };
		2009D8BE2B83C33500918D1E /* MovieListWorkerTests.swift */ = {isa = PBXFileReference; lastKnownFileType = sourcecode.swift; name = MovieListWorkerTests.swift; path = MovieAppTests/TestTypes/MovieListWorkerTests.swift; sourceTree = SOURCE_ROOT; };
		2009D8C02B84BA3200918D1E /* SpyNetworkManager.swift */ = {isa = PBXFileReference; lastKnownFileType = sourcecode.swift; path = SpyNetworkManager.swift; sourceTree = "<group>"; };
		2009D8C32B850B2700918D1E /* TokenProviderStub.swift */ = {isa = PBXFileReference; lastKnownFileType = sourcecode.swift; path = TokenProviderStub.swift; sourceTree = "<group>"; };
		2009D8C82B86520200918D1E /* MovieListInteractorTests.swift */ = {isa = PBXFileReference; lastKnownFileType = sourcecode.swift; path = MovieListInteractorTests.swift; sourceTree = "<group>"; };
		2009D8CD2B8656B100918D1E /* MovieListPresenterSpy.swift */ = {isa = PBXFileReference; lastKnownFileType = sourcecode.swift; path = MovieListPresenterSpy.swift; sourceTree = "<group>"; };
		202DB1ED2B27739E003913BE /* TopRatedCarousel.swift */ = {isa = PBXFileReference; lastKnownFileType = sourcecode.swift; path = TopRatedCarousel.swift; sourceTree = "<group>"; };
		203C783E2B2B64DF000C7521 /* Carousel.swift */ = {isa = PBXFileReference; lastKnownFileType = sourcecode.swift; path = Carousel.swift; sourceTree = "<group>"; };
		203C78402B2C4D19000C7521 /* Colors.xcassets */ = {isa = PBXFileReference; lastKnownFileType = folder.assetcatalog; path = Colors.xcassets; sourceTree = "<group>"; };
		204CECDC2B87A866002DB095 /* MovieListWorkerSpy.swift */ = {isa = PBXFileReference; lastKnownFileType = sourcecode.swift; path = MovieListWorkerSpy.swift; sourceTree = "<group>"; };
		204CECDE2B87B461002DB095 /* MovieListResponse+Fixtures.swift */ = {isa = PBXFileReference; lastKnownFileType = sourcecode.swift; path = "MovieListResponse+Fixtures.swift"; sourceTree = "<group>"; };
		206361E92B7CD95000AEED44 /* Invalid_Get_Movie_Response.json */ = {isa = PBXFileReference; lastKnownFileType = text.json; path = Invalid_Get_Movie_Response.json; sourceTree = "<group>"; };
		206361ED2B7CFC6E00AEED44 /* WS_Error_Response.json */ = {isa = PBXFileReference; lastKnownFileType = text.json; path = WS_Error_Response.json; sourceTree = "<group>"; };
		206361F02B7D276100AEED44 /* Data+JSON.swift */ = {isa = PBXFileReference; lastKnownFileType = sourcecode.swift; path = "Data+JSON.swift"; sourceTree = "<group>"; };
		209BEC2B2B77F0DA00AB7B88 /* MovieAppTests-Bridging-Header.h */ = {isa = PBXFileReference; lastKnownFileType = sourcecode.c.h; path = "MovieAppTests-Bridging-Header.h"; sourceTree = "<group>"; };
		209BEC2C2B77F0DA00AB7B88 /* URLSessionProtocolTests.swift */ = {isa = PBXFileReference; lastKnownFileType = sourcecode.swift; path = URLSessionProtocolTests.swift; sourceTree = "<group>"; };
		209BEC2E2B78267700AB7B88 /* MovieApp.xctestplan */ = {isa = PBXFileReference; lastKnownFileType = text; path = MovieApp.xctestplan; sourceTree = "<group>"; };
		209BEC322B78417000AB7B88 /* NetworkManagerTests.swift */ = {isa = PBXFileReference; lastKnownFileType = sourcecode.swift; path = NetworkManagerTests.swift; sourceTree = "<group>"; };
		209BEC372B79405300AB7B88 /* MockURLSession.swift */ = {isa = PBXFileReference; lastKnownFileType = sourcecode.swift; path = MockURLSession.swift; sourceTree = "<group>"; };
		209BEC4C2B7BD34D00AB7B88 /* GET_Movie_Response.json */ = {isa = PBXFileReference; lastKnownFileType = text.json; path = GET_Movie_Response.json; sourceTree = "<group>"; };
		209BEC4F2B7BD75800AB7B88 /* GenericObjectMapperTests.swift */ = {isa = PBXFileReference; lastKnownFileType = sourcecode.swift; path = GenericObjectMapperTests.swift; sourceTree = "<group>"; };
		20AA35592B0E1835006B8C3B /* MovieApp.app */ = {isa = PBXFileReference; explicitFileType = wrapper.application; includeInIndex = 0; path = MovieApp.app; sourceTree = BUILT_PRODUCTS_DIR; };
		20AA355C2B0E1835006B8C3B /* MovieApp.swift */ = {isa = PBXFileReference; lastKnownFileType = sourcecode.swift; path = MovieApp.swift; sourceTree = "<group>"; };
		20AA355E2B0E1835006B8C3B /* ContentView.swift */ = {isa = PBXFileReference; lastKnownFileType = sourcecode.swift; path = ContentView.swift; sourceTree = "<group>"; };
		20AA35602B0E1837006B8C3B /* Assets.xcassets */ = {isa = PBXFileReference; lastKnownFileType = folder.assetcatalog; path = Assets.xcassets; sourceTree = "<group>"; };
		20AA35632B0E1837006B8C3B /* Preview Assets.xcassets */ = {isa = PBXFileReference; lastKnownFileType = folder.assetcatalog; path = "Preview Assets.xcassets"; sourceTree = "<group>"; };
		20AA35652B0E1837006B8C3B /* Persistence.swift */ = {isa = PBXFileReference; lastKnownFileType = sourcecode.swift; path = Persistence.swift; sourceTree = "<group>"; };
		20AA35682B0E1837006B8C3B /* MovieApp.xcdatamodel */ = {isa = PBXFileReference; lastKnownFileType = wrapper.xcdatamodel; path = MovieApp.xcdatamodel; sourceTree = "<group>"; };
		20AA356E2B0E1837006B8C3B /* MovieAppTests.xctest */ = {isa = PBXFileReference; explicitFileType = wrapper.cfbundle; includeInIndex = 0; path = MovieAppTests.xctest; sourceTree = BUILT_PRODUCTS_DIR; };
		20AA358E2B0E6A90006B8C3B /* HttpClient.swift */ = {isa = PBXFileReference; lastKnownFileType = sourcecode.swift; path = HttpClient.swift; sourceTree = "<group>"; };
		20AA35932B0F596C006B8C3B /* Enums.swift */ = {isa = PBXFileReference; lastKnownFileType = sourcecode.swift; path = Enums.swift; sourceTree = "<group>"; };
		20AA35952B0F5F6E006B8C3B /* URLSessionProtocol.swift */ = {isa = PBXFileReference; lastKnownFileType = sourcecode.swift; path = URLSessionProtocol.swift; sourceTree = "<group>"; };
		20AA35972B0F625E006B8C3B /* NetworkManger.swift */ = {isa = PBXFileReference; lastKnownFileType = sourcecode.swift; path = NetworkManger.swift; sourceTree = "<group>"; };
		20C6518F2B1499850089E59C /* RefreshTokenService.swift */ = {isa = PBXFileReference; lastKnownFileType = sourcecode.swift; path = RefreshTokenService.swift; sourceTree = "<group>"; };
		20C651932B14A1CE0089E59C /* APIConfiguration.swift */ = {isa = PBXFileReference; lastKnownFileType = sourcecode.swift; path = APIConfiguration.swift; sourceTree = "<group>"; };
		20C651952B14DAC60089E59C /* GenericObjectMapper.swift */ = {isa = PBXFileReference; lastKnownFileType = sourcecode.swift; path = GenericObjectMapper.swift; sourceTree = "<group>"; };
		20C651982B172F360089E59C /* HomeScreen.swift */ = {isa = PBXFileReference; lastKnownFileType = sourcecode.swift; path = HomeScreen.swift; sourceTree = "<group>"; };
		20C6519A2B1747F60089E59C /* icons.xcassets */ = {isa = PBXFileReference; lastKnownFileType = folder.assetcatalog; path = icons.xcassets; sourceTree = "<group>"; };
		20C6519E2B1756930089E59C /* MovieCell.swift */ = {isa = PBXFileReference; lastKnownFileType = sourcecode.swift; path = MovieCell.swift; sourceTree = "<group>"; };
		20C651A02B1756EC0089E59C /* MoviesSection.swift */ = {isa = PBXFileReference; lastKnownFileType = sourcecode.swift; path = MoviesSection.swift; sourceTree = "<group>"; };
		20D4ADDD2B7E6B220044BDFE /* RefreshTokenServiceTests.swift */ = {isa = PBXFileReference; lastKnownFileType = sourcecode.swift; path = RefreshTokenServiceTests.swift; sourceTree = "<group>"; };
		20D4ADE22B7E73090044BDFE /* NetworkManagerStub.swift */ = {isa = PBXFileReference; lastKnownFileType = sourcecode.swift; path = NetworkManagerStub.swift; sourceTree = "<group>"; };
		20F43F7D2B569A8B002434FC /* Coordinator.swift */ = {isa = PBXFileReference; lastKnownFileType = sourcecode.swift; path = Coordinator.swift; sourceTree = "<group>"; };
		20F43F802B569E60002434FC /* Router.swift */ = {isa = PBXFileReference; lastKnownFileType = sourcecode.swift; path = Router.swift; sourceTree = "<group>"; };
		20F43F822B56C3F6002434FC /* NavigationRouter.swift */ = {isa = PBXFileReference; lastKnownFileType = sourcecode.swift; path = NavigationRouter.swift; sourceTree = "<group>"; };
		20F43F842B56CA9F002434FC /* MainCoordinator.swift */ = {isa = PBXFileReference; lastKnownFileType = sourcecode.swift; path = MainCoordinator.swift; sourceTree = "<group>"; };
		20F43F902B57E984002434FC /* Route.swift */ = {isa = PBXFileReference; lastKnownFileType = sourcecode.swift; path = Route.swift; sourceTree = "<group>"; };
		20F43F972B57ECF8002434FC /* MovieDetail.swift */ = {isa = PBXFileReference; lastKnownFileType = sourcecode.swift; path = MovieDetail.swift; sourceTree = "<group>"; };
		20F4DCB02B42DE6500E01B33 /* MovieListConfigurator.swift */ = {isa = PBXFileReference; lastKnownFileType = sourcecode.swift; path = MovieListConfigurator.swift; sourceTree = "<group>"; };
		20F58D712B568A65000DC3E3 /* AppDelegate.swift */ = {isa = PBXFileReference; lastKnownFileType = sourcecode.swift; path = AppDelegate.swift; sourceTree = "<group>"; };
		20F58D732B568AF3000DC3E3 /* SceneDelegate.swift */ = {isa = PBXFileReference; lastKnownFileType = sourcecode.swift; path = SceneDelegate.swift; sourceTree = "<group>"; };
		20F7F5612B332942005E7FA9 /* MoviesListRQ.swift */ = {isa = PBXFileReference; lastKnownFileType = sourcecode.swift; path = MoviesListRQ.swift; sourceTree = "<group>"; };
		20F7F5642B332961005E7FA9 /* MoviesListRS.swift */ = {isa = PBXFileReference; lastKnownFileType = sourcecode.swift; path = MoviesListRS.swift; sourceTree = "<group>"; };
		20F7F56A2B39D8B0005E7FA9 /* MovieListWorker.swift */ = {isa = PBXFileReference; lastKnownFileType = sourcecode.swift; path = MovieListWorker.swift; sourceTree = "<group>"; };
		20F7F56C2B39F1B6005E7FA9 /* MovieListModel.swift */ = {isa = PBXFileReference; lastKnownFileType = sourcecode.swift; path = MovieListModel.swift; sourceTree = "<group>"; };
		20F7F56F2B39F23B005E7FA9 /* ApiErrorDto.swift */ = {isa = PBXFileReference; lastKnownFileType = sourcecode.swift; path = ApiErrorDto.swift; sourceTree = "<group>"; };
		20F7F5722B3B74CB005E7FA9 /* Encodable+Dictionary.swift */ = {isa = PBXFileReference; lastKnownFileType = sourcecode.swift; path = "Encodable+Dictionary.swift"; sourceTree = "<group>"; };
		20F7F5752B3C8475005E7FA9 /* MovieListInteractor.swift */ = {isa = PBXFileReference; lastKnownFileType = sourcecode.swift; path = MovieListInteractor.swift; sourceTree = "<group>"; };
		20F7F5782B3CDA04005E7FA9 /* MovieListPresenter.swift */ = {isa = PBXFileReference; lastKnownFileType = sourcecode.swift; path = MovieListPresenter.swift; sourceTree = "<group>"; };
		20F7F57B2B3EC4E1005E7FA9 /* HomeInteractor.swift */ = {isa = PBXFileReference; lastKnownFileType = sourcecode.swift; path = HomeInteractor.swift; sourceTree = "<group>"; };
		20F7F57E2B3EC9D8005E7FA9 /* HomePresenter.swift */ = {isa = PBXFileReference; lastKnownFileType = sourcecode.swift; path = HomePresenter.swift; sourceTree = "<group>"; };
		20F7F5812B3F2DBE005E7FA9 /* HomeModel.swift */ = {isa = PBXFileReference; lastKnownFileType = sourcecode.swift; path = HomeModel.swift; sourceTree = "<group>"; };
		20F7F5872B41A7C6005E7FA9 /* MovieListScreen.swift */ = {isa = PBXFileReference; lastKnownFileType = sourcecode.swift; path = MovieListScreen.swift; sourceTree = "<group>"; };
		20F7F58A2B41B6C6005E7FA9 /* HomeConfigurator.swift */ = {isa = PBXFileReference; lastKnownFileType = sourcecode.swift; path = HomeConfigurator.swift; sourceTree = "<group>"; };
/* End PBXFileReference section */

/* Begin PBXFrameworksBuildPhase section */
		20AA35562B0E1835006B8C3B /* Frameworks */ = {
			isa = PBXFrameworksBuildPhase;
			buildActionMask = 2147483647;
			files = (
				20F4DCB82B4306E000E01B33 /* netfox in Frameworks */,
				20AA35922B0E6C23006B8C3B /* RxSwift in Frameworks */,
			);
			runOnlyForDeploymentPostprocessing = 0;
		};
		20AA356B2B0E1837006B8C3B /* Frameworks */ = {
			isa = PBXFrameworksBuildPhase;
			buildActionMask = 2147483647;
			files = (
				209BEC3A2B7A244F00AB7B88 /* RxTest in Frameworks */,
			);
			runOnlyForDeploymentPostprocessing = 0;
		};
/* End PBXFrameworksBuildPhase section */

/* Begin PBXGroup section */
		2003674C2B4AE69C00862E66 /* Configurator */ = {
			isa = PBXGroup;
			children = (
				2003674D2B4AE6BA00862E66 /* TopRatedCarouselConfigurator.swift */,
			);
			path = Configurator;
			sourceTree = "<group>";
		};
		2003674F2B4F54DD00862E66 /* Configurator */ = {
			isa = PBXGroup;
			children = (
				200367502B4F54F400862E66 /* MoviesSectionConfigurator.swift */,
			);
			path = Configurator;
			sourceTree = "<group>";
		};
		2009D8BC2B83C30800918D1E /* MovieListTests */ = {
			isa = PBXGroup;
			children = (
				2009D8C52B8651AA00918D1E /* MovieListInteractorTests */,
				2009D8BD2B83C31E00918D1E /* MovieListWorkerTests */,
			);
			path = MovieListTests;
			sourceTree = "<group>";
		};
		2009D8BD2B83C31E00918D1E /* MovieListWorkerTests */ = {
			isa = PBXGroup;
			children = (
				2009D8BE2B83C33500918D1E /* MovieListWorkerTests.swift */,
			);
			path = MovieListWorkerTests;
			sourceTree = "<group>";
		};
		2009D8C22B84BC5100918D1E /* TokenProviderStub */ = {
			isa = PBXGroup;
			children = (
				2009D8C32B850B2700918D1E /* TokenProviderStub.swift */,
			);
			path = TokenProviderStub;
			sourceTree = "<group>";
		};
		2009D8C52B8651AA00918D1E /* MovieListInteractorTests */ = {
			isa = PBXGroup;
			children = (
				2009D8C82B86520200918D1E /* MovieListInteractorTests.swift */,
			);
			path = MovieListInteractorTests;
			sourceTree = "<group>";
		};
		2009D8CA2B8652CD00918D1E /* MovieListPresenterSpy */ = {
			isa = PBXGroup;
			children = (
				2009D8CD2B8656B100918D1E /* MovieListPresenterSpy.swift */,
			);
			path = MovieListPresenterSpy;
			sourceTree = "<group>";
		};
		203C78352B2B4630000C7521 /* MovieCell */ = {
			isa = PBXGroup;
			children = (
				20C6519E2B1756930089E59C /* MovieCell.swift */,
			);
			path = MovieCell;
			sourceTree = "<group>";
		};
		203C78362B2B463A000C7521 /* MoviesSection */ = {
			isa = PBXGroup;
			children = (
				2003674F2B4F54DD00862E66 /* Configurator */,
				20C651A02B1756EC0089E59C /* MoviesSection.swift */,
			);
			path = MoviesSection;
			sourceTree = "<group>";
		};
		203C78372B2B464F000C7521 /* TopRatedCarousel */ = {
			isa = PBXGroup;
			children = (
				2003674C2B4AE69C00862E66 /* Configurator */,
				202DB1ED2B27739E003913BE /* TopRatedCarousel.swift */,
			);
			path = TopRatedCarousel;
			sourceTree = "<group>";
		};
		203C78382B2B49DD000C7521 /* ModifierStyles */ = {
			isa = PBXGroup;
			children = (
			);
			path = ModifierStyles;
			sourceTree = "<group>";
		};
		203C783B2B2B5CEC000C7521 /* Views */ = {
			isa = PBXGroup;
			children = (
				203C783E2B2B64DF000C7521 /* Carousel.swift */,
			);
			path = Views;
			sourceTree = "<group>";
		};
		204CECD92B87A714002DB095 /* Networking */ = {
			isa = PBXGroup;
			children = (
				2009D8C22B84BC5100918D1E /* TokenProviderStub */,
				20D4ADDF2B7E72D50044BDFE /* NetworkManager */,
				209BEC362B79400300AB7B88 /* MockURLSession */,
			);
			path = Networking;
			sourceTree = "<group>";
		};
		204CECDA2B87A723002DB095 /* MovieList */ = {
			isa = PBXGroup;
			children = (
				204CECDB2B87A84B002DB095 /* MovieListWorkerSpy */,
				2009D8CA2B8652CD00918D1E /* MovieListPresenterSpy */,
			);
			path = MovieList;
			sourceTree = "<group>";
		};
		204CECDB2B87A84B002DB095 /* MovieListWorkerSpy */ = {
			isa = PBXGroup;
			children = (
				204CECDC2B87A866002DB095 /* MovieListWorkerSpy.swift */,
			);
			path = MovieListWorkerSpy;
			sourceTree = "<group>";
		};
		206361EF2B7D274300AEED44 /* Extension */ = {
			isa = PBXGroup;
			children = (
				206361F02B7D276100AEED44 /* Data+JSON.swift */,
				204CECDE2B87B461002DB095 /* MovieListResponse+Fixtures.swift */,
			);
			path = Extension;
			sourceTree = "<group>";
		};
		206361F22B7D764200AEED44 /* RefreshToken */ = {
			isa = PBXGroup;
			children = (
				20D4ADDD2B7E6B220044BDFE /* RefreshTokenServiceTests.swift */,
			);
			path = RefreshToken;
			sourceTree = "<group>";
		};
		209BEC2F2B7840AA00AB7B88 /* Cases */ = {
			isa = PBXGroup;
			children = (
				2009D8BC2B83C30800918D1E /* MovieListTests */,
				206361F22B7D764200AEED44 /* RefreshToken */,
				209BEC4E2B7BD73300AB7B88 /* Mapping */,
				209BEC312B7840BA00AB7B88 /* Netwokring */,
			);
			path = Cases;
			sourceTree = "<group>";
		};
		209BEC312B7840BA00AB7B88 /* Netwokring */ = {
			isa = PBXGroup;
			children = (
				209BEC2C2B77F0DA00AB7B88 /* URLSessionProtocolTests.swift */,
				209BEC322B78417000AB7B88 /* NetworkManagerTests.swift */,
			);
			path = Netwokring;
			sourceTree = "<group>";
		};
		209BEC342B793F6100AB7B88 /* Data */ = {
			isa = PBXGroup;
			children = (
				209BEC4C2B7BD34D00AB7B88 /* GET_Movie_Response.json */,
				206361E92B7CD95000AEED44 /* Invalid_Get_Movie_Response.json */,
				206361ED2B7CFC6E00AEED44 /* WS_Error_Response.json */,
			);
			path = Data;
			sourceTree = "<group>";
		};
		209BEC352B793F8800AB7B88 /* TestTypes */ = {
			isa = PBXGroup;
			children = (
				206361EF2B7D274300AEED44 /* Extension */,
				209BEC3C2B7A696900AB7B88 /* Mock */,
			);
			path = TestTypes;
			sourceTree = "<group>";
		};
		209BEC362B79400300AB7B88 /* MockURLSession */ = {
			isa = PBXGroup;
			children = (
				209BEC372B79405300AB7B88 /* MockURLSession.swift */,
			);
			path = MockURLSession;
			sourceTree = "<group>";
		};
		209BEC3C2B7A696900AB7B88 /* Mock */ = {
			isa = PBXGroup;
			children = (
				204CECDA2B87A723002DB095 /* MovieList */,
				204CECD92B87A714002DB095 /* Networking */,
			);
			path = Mock;
			sourceTree = "<group>";
		};
		209BEC4E2B7BD73300AB7B88 /* Mapping */ = {
			isa = PBXGroup;
			children = (
				209BEC4F2B7BD75800AB7B88 /* GenericObjectMapperTests.swift */,
			);
			path = Mapping;
			sourceTree = "<group>";
		};
		20AA35502B0E1835006B8C3B = {
			isa = PBXGroup;
			children = (
				209BEC2E2B78267700AB7B88 /* MovieApp.xctestplan */,
				203C78402B2C4D19000C7521 /* Colors.xcassets */,
				20C6519A2B1747F60089E59C /* icons.xcassets */,
				20AA355B2B0E1835006B8C3B /* MovieApp */,
				20AA35712B0E1837006B8C3B /* MovieAppTests */,
				20AA355A2B0E1835006B8C3B /* Products */,
			);
			sourceTree = "<group>";
		};
		20AA355A2B0E1835006B8C3B /* Products */ = {
			isa = PBXGroup;
			children = (
				20AA35592B0E1835006B8C3B /* MovieApp.app */,
				20AA356E2B0E1837006B8C3B /* MovieAppTests.xctest */,
			);
			name = Products;
			sourceTree = "<group>";
		};
		20AA355B2B0E1835006B8C3B /* MovieApp */ = {
			isa = PBXGroup;
			children = (
				20F43F7F2B569A93002434FC /* Helper */,
				20F7F5582B31E09F005E7FA9 /* Services */,
				20C6518C2B129D6B0089E59C /* Scenes */,
				20AA358C2B0E6A59006B8C3B /* Networking */,
				20AA358B2B0E6A34006B8C3B /* Common */,
				20AA355C2B0E1835006B8C3B /* MovieApp.swift */,
				20AA355E2B0E1835006B8C3B /* ContentView.swift */,
				20AA35602B0E1837006B8C3B /* Assets.xcassets */,
				20AA35652B0E1837006B8C3B /* Persistence.swift */,
				20AA35672B0E1837006B8C3B /* MovieApp.xcdatamodeld */,
				20AA35622B0E1837006B8C3B /* Preview Content */,
				20F58D712B568A65000DC3E3 /* AppDelegate.swift */,
				20F58D732B568AF3000DC3E3 /* SceneDelegate.swift */,
			);
			path = MovieApp;
			sourceTree = "<group>";
		};
		20AA35622B0E1837006B8C3B /* Preview Content */ = {
			isa = PBXGroup;
			children = (
				20AA35632B0E1837006B8C3B /* Preview Assets.xcassets */,
			);
			path = "Preview Content";
			sourceTree = "<group>";
		};
		20AA35712B0E1837006B8C3B /* MovieAppTests */ = {
			isa = PBXGroup;
			children = (
				209BEC352B793F8800AB7B88 /* TestTypes */,
				209BEC342B793F6100AB7B88 /* Data */,
				209BEC2F2B7840AA00AB7B88 /* Cases */,
				209BEC2B2B77F0DA00AB7B88 /* MovieAppTests-Bridging-Header.h */,
			);
			path = MovieAppTests;
			sourceTree = "<group>";
		};
		20AA358B2B0E6A34006B8C3B /* Common */ = {
			isa = PBXGroup;
			children = (
				20F7F5712B3B72C5005E7FA9 /* Extensions */,
				20F7F5592B31E0C4005E7FA9 /* Configuration */,
				203C783B2B2B5CEC000C7521 /* Views */,
				20AA35932B0F596C006B8C3B /* Enums.swift */,
				20C651952B14DAC60089E59C /* GenericObjectMapper.swift */,
			);
			path = Common;
			sourceTree = "<group>";
		};
		20AA358C2B0E6A59006B8C3B /* Networking */ = {
			isa = PBXGroup;
			children = (
				20F7F55C2B31F68B005E7FA9 /* Core */,
				20F7F55D2B31F691005E7FA9 /* Models */,
			);
			path = Networking;
			sourceTree = "<group>";
		};
		20AA358D2B0E6A77006B8C3B /* Protocols */ = {
			isa = PBXGroup;
			children = (
				20AA358E2B0E6A90006B8C3B /* HttpClient.swift */,
				20AA35952B0F5F6E006B8C3B /* URLSessionProtocol.swift */,
			);
			path = Protocols;
			sourceTree = "<group>";
		};
		20C6518C2B129D6B0089E59C /* Scenes */ = {
			isa = PBXGroup;
			children = (
				20F43F922B57EC68002434FC /* MovieDetail */,
				20F7F5602B332912005E7FA9 /* MovieList */,
				20C651972B172F250089E59C /* Home */,
			);
			path = Scenes;
			sourceTree = "<group>";
		};
		20C651972B172F250089E59C /* Home */ = {
			isa = PBXGroup;
			children = (
				20F7F5892B41B6A2005E7FA9 /* Configurator */,
				20F7F5802B3F2DAD005E7FA9 /* Model */,
				20F7F57D2B3EC562005E7FA9 /* Presenter */,
				20F7F57A2B3EC44E005E7FA9 /* Interactor */,
				20C6519C2B17536E0089E59C /* View */,
			);
			path = Home;
			sourceTree = "<group>";
		};
		20C6519C2B17536E0089E59C /* View */ = {
			isa = PBXGroup;
			children = (
				203C78382B2B49DD000C7521 /* ModifierStyles */,
				20C6519D2B17567E0089E59C /* UI Components */,
				20C651982B172F360089E59C /* HomeScreen.swift */,
			);
			path = View;
			sourceTree = "<group>";
		};
		20C6519D2B17567E0089E59C /* UI Components */ = {
			isa = PBXGroup;
			children = (
				203C78372B2B464F000C7521 /* TopRatedCarousel */,
				203C78362B2B463A000C7521 /* MoviesSection */,
				203C78352B2B4630000C7521 /* MovieCell */,
			);
			path = "UI Components";
			sourceTree = "<group>";
		};
		20D4ADDF2B7E72D50044BDFE /* NetworkManager */ = {
			isa = PBXGroup;
			children = (
				20D4ADE22B7E73090044BDFE /* NetworkManagerStub.swift */,
				2009D8C02B84BA3200918D1E /* SpyNetworkManager.swift */,
			);
			path = NetworkManager;
			sourceTree = "<group>";
		};
		20F43F7F2B569A93002434FC /* Helper */ = {
			isa = PBXGroup;
			children = (
				20F43F872B56DE47002434FC /* Router */,
				20F43F862B56DE32002434FC /* Coordinator */,
			);
			path = Helper;
			sourceTree = "<group>";
		};
		20F43F862B56DE32002434FC /* Coordinator */ = {
			isa = PBXGroup;
			children = (
				20F43F842B56CA9F002434FC /* MainCoordinator.swift */,
				20F43F7D2B569A8B002434FC /* Coordinator.swift */,
			);
			path = Coordinator;
			sourceTree = "<group>";
		};
		20F43F872B56DE47002434FC /* Router */ = {
			isa = PBXGroup;
			children = (
				20F43F8F2B57E960002434FC /* Route */,
				20F43F802B569E60002434FC /* Router.swift */,
				20F43F822B56C3F6002434FC /* NavigationRouter.swift */,
			);
			path = Router;
			sourceTree = "<group>";
		};
		20F43F8F2B57E960002434FC /* Route */ = {
			isa = PBXGroup;
			children = (
				20F43F902B57E984002434FC /* Route.swift */,
			);
			path = Route;
			sourceTree = "<group>";
		};
		20F43F922B57EC68002434FC /* MovieDetail */ = {
			isa = PBXGroup;
			children = (
				20F43F972B57ECF8002434FC /* MovieDetail.swift */,
			);
			path = MovieDetail;
			sourceTree = "<group>";
		};
		20F4DCAF2B42DE3D00E01B33 /* Configurator */ = {
			isa = PBXGroup;
			children = (
				20F4DCB02B42DE6500E01B33 /* MovieListConfigurator.swift */,
			);
			path = Configurator;
			sourceTree = "<group>";
		};
		20F7F5572B31DB98005E7FA9 /* RefreshTokenService */ = {
			isa = PBXGroup;
			children = (
				20C6518F2B1499850089E59C /* RefreshTokenService.swift */,
			);
			path = RefreshTokenService;
			sourceTree = "<group>";
		};
		20F7F5582B31E09F005E7FA9 /* Services */ = {
			isa = PBXGroup;
			children = (
				20F7F5572B31DB98005E7FA9 /* RefreshTokenService */,
			);
			path = Services;
			sourceTree = "<group>";
		};
		20F7F5592B31E0C4005E7FA9 /* Configuration */ = {
			isa = PBXGroup;
			children = (
				20C651932B14A1CE0089E59C /* APIConfiguration.swift */,
			);
			path = Configuration;
			sourceTree = "<group>";
		};
		20F7F55C2B31F68B005E7FA9 /* Core */ = {
			isa = PBXGroup;
			children = (
				20AA358D2B0E6A77006B8C3B /* Protocols */,
				20AA35972B0F625E006B8C3B /* NetworkManger.swift */,
			);
			path = Core;
			sourceTree = "<group>";
		};
		20F7F55D2B31F691005E7FA9 /* Models */ = {
			isa = PBXGroup;
			children = (
				20F7F56E2B39F21E005E7FA9 /* ApiError */,
				20F7F5632B33294A005E7FA9 /* MoviesList */,
			);
			path = Models;
			sourceTree = "<group>";
		};
		20F7F5602B332912005E7FA9 /* MovieList */ = {
			isa = PBXGroup;
			children = (
				20F4DCAF2B42DE3D00E01B33 /* Configurator */,
				20F7F5832B41A749005E7FA9 /* View */,
				20F7F5772B3CD9EC005E7FA9 /* Presenter */,
				20F7F5742B3C8460005E7FA9 /* Interactor */,
				20F7F5692B39D89F005E7FA9 /* Worker */,
				20F7F5662B35D9E3005E7FA9 /* Model */,
			);
			path = MovieList;
			sourceTree = "<group>";
		};
		20F7F5632B33294A005E7FA9 /* MoviesList */ = {
			isa = PBXGroup;
			children = (
				20F7F5612B332942005E7FA9 /* MoviesListRQ.swift */,
				20F7F5642B332961005E7FA9 /* MoviesListRS.swift */,
			);
			path = MoviesList;
			sourceTree = "<group>";
		};
		20F7F5662B35D9E3005E7FA9 /* Model */ = {
			isa = PBXGroup;
			children = (
				20F7F56C2B39F1B6005E7FA9 /* MovieListModel.swift */,
			);
			path = Model;
			sourceTree = "<group>";
		};
		20F7F5692B39D89F005E7FA9 /* Worker */ = {
			isa = PBXGroup;
			children = (
				20F7F56A2B39D8B0005E7FA9 /* MovieListWorker.swift */,
			);
			path = Worker;
			sourceTree = "<group>";
		};
		20F7F56E2B39F21E005E7FA9 /* ApiError */ = {
			isa = PBXGroup;
			children = (
				20F7F56F2B39F23B005E7FA9 /* ApiErrorDto.swift */,
			);
			path = ApiError;
			sourceTree = "<group>";
		};
		20F7F5712B3B72C5005E7FA9 /* Extensions */ = {
			isa = PBXGroup;
			children = (
				20F7F5722B3B74CB005E7FA9 /* Encodable+Dictionary.swift */,
			);
			path = Extensions;
			sourceTree = "<group>";
		};
		20F7F5742B3C8460005E7FA9 /* Interactor */ = {
			isa = PBXGroup;
			children = (
				20F7F5752B3C8475005E7FA9 /* MovieListInteractor.swift */,
			);
			path = Interactor;
			sourceTree = "<group>";
		};
		20F7F5772B3CD9EC005E7FA9 /* Presenter */ = {
			isa = PBXGroup;
			children = (
				20F7F5782B3CDA04005E7FA9 /* MovieListPresenter.swift */,
			);
			path = Presenter;
			sourceTree = "<group>";
		};
		20F7F57A2B3EC44E005E7FA9 /* Interactor */ = {
			isa = PBXGroup;
			children = (
				20F7F57B2B3EC4E1005E7FA9 /* HomeInteractor.swift */,
			);
			path = Interactor;
			sourceTree = "<group>";
		};
		20F7F57D2B3EC562005E7FA9 /* Presenter */ = {
			isa = PBXGroup;
			children = (
				20F7F57E2B3EC9D8005E7FA9 /* HomePresenter.swift */,
			);
			path = Presenter;
			sourceTree = "<group>";
		};
		20F7F5802B3F2DAD005E7FA9 /* Model */ = {
			isa = PBXGroup;
			children = (
				20F7F5812B3F2DBE005E7FA9 /* HomeModel.swift */,
			);
			path = Model;
			sourceTree = "<group>";
		};
		20F7F5832B41A749005E7FA9 /* View */ = {
			isa = PBXGroup;
			children = (
				20F7F5872B41A7C6005E7FA9 /* MovieListScreen.swift */,
			);
			path = View;
			sourceTree = "<group>";
		};
		20F7F5892B41B6A2005E7FA9 /* Configurator */ = {
			isa = PBXGroup;
			children = (
				20F7F58A2B41B6C6005E7FA9 /* HomeConfigurator.swift */,
			);
			path = Configurator;
			sourceTree = "<group>";
		};
/* End PBXGroup section */

/* Begin PBXNativeTarget section */
		20AA35582B0E1835006B8C3B /* MovieApp */ = {
			isa = PBXNativeTarget;
			buildConfigurationList = 20AA35822B0E1838006B8C3B /* Build configuration list for PBXNativeTarget "MovieApp" */;
			buildPhases = (
				20AA35552B0E1835006B8C3B /* Sources */,
				20AA35562B0E1835006B8C3B /* Frameworks */,
				20AA35572B0E1835006B8C3B /* Resources */,
				209BEC4B2B7AD8ED00AB7B88 /* ShellScript */,
			);
			buildRules = (
			);
			dependencies = (
			);
			name = MovieApp;
			packageProductDependencies = (
				20AA35912B0E6C23006B8C3B /* RxSwift */,
				20F4DCB72B4306E000E01B33 /* netfox */,
			);
			productName = MovieApp;
			productReference = 20AA35592B0E1835006B8C3B /* MovieApp.app */;
			productType = "com.apple.product-type.application";
		};
		20AA356D2B0E1837006B8C3B /* MovieAppTests */ = {
			isa = PBXNativeTarget;
			buildConfigurationList = 20AA35852B0E1838006B8C3B /* Build configuration list for PBXNativeTarget "MovieAppTests" */;
			buildPhases = (
				20AA356A2B0E1837006B8C3B /* Sources */,
				20AA356B2B0E1837006B8C3B /* Frameworks */,
				20AA356C2B0E1837006B8C3B /* Resources */,
			);
			buildRules = (
			);
			dependencies = (
				20AA35702B0E1837006B8C3B /* PBXTargetDependency */,
			);
			name = MovieAppTests;
			packageProductDependencies = (
				209BEC392B7A244F00AB7B88 /* RxTest */,
			);
			productName = MovieAppTests;
			productReference = 20AA356E2B0E1837006B8C3B /* MovieAppTests.xctest */;
			productType = "com.apple.product-type.bundle.unit-test";
		};
/* End PBXNativeTarget section */

/* Begin PBXProject section */
		20AA35512B0E1835006B8C3B /* Project object */ = {
			isa = PBXProject;
			attributes = {
				BuildIndependentTargetsInParallel = 1;
				LastSwiftUpdateCheck = 1500;
				LastUpgradeCheck = 1500;
				TargetAttributes = {
					20AA35582B0E1835006B8C3B = {
						CreatedOnToolsVersion = 15.0.1;
					};
					20AA356D2B0E1837006B8C3B = {
						CreatedOnToolsVersion = 15.0.1;
						LastSwiftMigration = 1500;
						TestTargetID = 20AA35582B0E1835006B8C3B;
					};
				};
			};
			buildConfigurationList = 20AA35542B0E1835006B8C3B /* Build configuration list for PBXProject "MovieApp" */;
			compatibilityVersion = "Xcode 14.0";
			developmentRegion = en;
			hasScannedForEncodings = 0;
			knownRegions = (
				en,
				Base,
			);
			mainGroup = 20AA35502B0E1835006B8C3B;
			packageReferences = (
				20AA35902B0E6C23006B8C3B /* XCRemoteSwiftPackageReference "RxSwift" */,
				20F4DCB62B4306E000E01B33 /* XCRemoteSwiftPackageReference "netfox" */,
			);
			productRefGroup = 20AA355A2B0E1835006B8C3B /* Products */;
			projectDirPath = "";
			projectRoot = "";
			targets = (
				20AA35582B0E1835006B8C3B /* MovieApp */,
				20AA356D2B0E1837006B8C3B /* MovieAppTests */,
			);
		};
/* End PBXProject section */

/* Begin PBXResourcesBuildPhase section */
		20AA35572B0E1835006B8C3B /* Resources */ = {
			isa = PBXResourcesBuildPhase;
			buildActionMask = 2147483647;
			files = (
				20AA35642B0E1837006B8C3B /* Preview Assets.xcassets in Resources */,
				203C78412B2C4D19000C7521 /* Colors.xcassets in Resources */,
				20C6519B2B1747F70089E59C /* icons.xcassets in Resources */,
				20AA35612B0E1837006B8C3B /* Assets.xcassets in Resources */,
			);
			runOnlyForDeploymentPostprocessing = 0;
		};
		20AA356C2B0E1837006B8C3B /* Resources */ = {
			isa = PBXResourcesBuildPhase;
			buildActionMask = 2147483647;
			files = (
				206361EA2B7CD95000AEED44 /* Invalid_Get_Movie_Response.json in Resources */,
				209BEC4D2B7BD34D00AB7B88 /* GET_Movie_Response.json in Resources */,
				206361EE2B7CFC6E00AEED44 /* WS_Error_Response.json in Resources */,
			);
			runOnlyForDeploymentPostprocessing = 0;
		};
/* End PBXResourcesBuildPhase section */

/* Begin PBXShellScriptBuildPhase section */
		209BEC4B2B7AD8ED00AB7B88 /* ShellScript */ = {
			isa = PBXShellScriptBuildPhase;
			buildActionMask = 2147483647;
			files = (
			);
			inputFileListPaths = (
			);
			inputPaths = (
			);
			outputFileListPaths = (
			);
			outputPaths = (
			);
			runOnlyForDeploymentPostprocessing = 0;
			shellPath = /bin/sh;
			shellScript = "# Type a script or drag a script file from your workspace to insert its path.\n\n";
		};
/* End PBXShellScriptBuildPhase section */

/* Begin PBXSourcesBuildPhase section */
		20AA35552B0E1835006B8C3B /* Sources */ = {
			isa = PBXSourcesBuildPhase;
			buildActionMask = 2147483647;
			files = (
				20F58D722B568A65000DC3E3 /* AppDelegate.swift in Sources */,
				20F7F5882B41A7C6005E7FA9 /* MovieListScreen.swift in Sources */,
				20C6519F2B1756930089E59C /* MovieCell.swift in Sources */,
				20F7F5732B3B74CB005E7FA9 /* Encodable+Dictionary.swift in Sources */,
				20F43F812B569E60002434FC /* Router.swift in Sources */,
				20F7F58B2B41B6C6005E7FA9 /* HomeConfigurator.swift in Sources */,
				20F7F5822B3F2DBE005E7FA9 /* HomeModel.swift in Sources */,
				20F43F982B57ECF8002434FC /* MovieDetail.swift in Sources */,
				203C783F2B2B64DF000C7521 /* Carousel.swift in Sources */,
				20F58D742B568AF3000DC3E3 /* SceneDelegate.swift in Sources */,
				20F7F5622B332942005E7FA9 /* MoviesListRQ.swift in Sources */,
				20AA35962B0F5F6E006B8C3B /* URLSessionProtocol.swift in Sources */,
				20AA358F2B0E6A90006B8C3B /* HttpClient.swift in Sources */,
				20F43F832B56C3F6002434FC /* NavigationRouter.swift in Sources */,
				2003674E2B4AE6BA00862E66 /* TopRatedCarouselConfigurator.swift in Sources */,
				20F7F5652B332961005E7FA9 /* MoviesListRS.swift in Sources */,
				20F7F5792B3CDA04005E7FA9 /* MovieListPresenter.swift in Sources */,
				20F7F57C2B3EC4E1005E7FA9 /* HomeInteractor.swift in Sources */,
				20F7F57F2B3EC9D8005E7FA9 /* HomePresenter.swift in Sources */,
				20C651942B14A1CE0089E59C /* APIConfiguration.swift in Sources */,
				20AA35982B0F625E006B8C3B /* NetworkManger.swift in Sources */,
				20F7F5702B39F23B005E7FA9 /* ApiErrorDto.swift in Sources */,
				20C651902B1499850089E59C /* RefreshTokenService.swift in Sources */,
				20F7F5762B3C8475005E7FA9 /* MovieListInteractor.swift in Sources */,
				20C651962B14DAC60089E59C /* GenericObjectMapper.swift in Sources */,
				20AA35662B0E1837006B8C3B /* Persistence.swift in Sources */,
				200367512B4F54F400862E66 /* MoviesSectionConfigurator.swift in Sources */,
				20AA355F2B0E1835006B8C3B /* ContentView.swift in Sources */,
				20AA35692B0E1837006B8C3B /* MovieApp.xcdatamodeld in Sources */,
				20C651992B172F360089E59C /* HomeScreen.swift in Sources */,
				20F43F7E2B569A8B002434FC /* Coordinator.swift in Sources */,
				20AA35942B0F596C006B8C3B /* Enums.swift in Sources */,
				20C651A12B1756EC0089E59C /* MoviesSection.swift in Sources */,
				20AA355D2B0E1835006B8C3B /* MovieApp.swift in Sources */,
				20F43F852B56CA9F002434FC /* MainCoordinator.swift in Sources */,
				20F7F56D2B39F1B6005E7FA9 /* MovieListModel.swift in Sources */,
				20F43F912B57E984002434FC /* Route.swift in Sources */,
				20F7F56B2B39D8B1005E7FA9 /* MovieListWorker.swift in Sources */,
				202DB1EE2B27739E003913BE /* TopRatedCarousel.swift in Sources */,
				20F4DCB12B42DE6500E01B33 /* MovieListConfigurator.swift in Sources */,
			);
			runOnlyForDeploymentPostprocessing = 0;
		};
		20AA356A2B0E1837006B8C3B /* Sources */ = {
			isa = PBXSourcesBuildPhase;
			buildActionMask = 2147483647;
			files = (
				209BEC382B79405300AB7B88 /* MockURLSession.swift in Sources */,
				20D4ADDE2B7E6B220044BDFE /* RefreshTokenServiceTests.swift in Sources */,
				2009D8C42B850B2700918D1E /* TokenProviderStub.swift in Sources */,
				204CECDD2B87A866002DB095 /* MovieListWorkerSpy.swift in Sources */,
				204CECDF2B87B461002DB095 /* MovieListResponse+Fixtures.swift in Sources */,
				206361F12B7D276100AEED44 /* Data+JSON.swift in Sources */,
				2009D8C92B86520200918D1E /* MovieListInteractorTests.swift in Sources */,
				209BEC502B7BD75800AB7B88 /* GenericObjectMapperTests.swift in Sources */,
				2009D8CE2B8656B100918D1E /* MovieListPresenterSpy.swift in Sources */,
				209BEC332B78417000AB7B88 /* NetworkManagerTests.swift in Sources */,
				2009D8C12B84BA3200918D1E /* SpyNetworkManager.swift in Sources */,
				209BEC2D2B77F0DA00AB7B88 /* URLSessionProtocolTests.swift in Sources */,
				2009D8BF2B83C33500918D1E /* MovieListWorkerTests.swift in Sources */,
				20D4ADE32B7E73090044BDFE /* NetworkManagerStub.swift in Sources */,
			);
			runOnlyForDeploymentPostprocessing = 0;
		};
/* End PBXSourcesBuildPhase section */

/* Begin PBXTargetDependency section */
		20AA35702B0E1837006B8C3B /* PBXTargetDependency */ = {
			isa = PBXTargetDependency;
			target = 20AA35582B0E1835006B8C3B /* MovieApp */;
			targetProxy = 20AA356F2B0E1837006B8C3B /* PBXContainerItemProxy */;
		};
/* End PBXTargetDependency section */

/* Begin XCBuildConfiguration section */
		20AA35802B0E1838006B8C3B /* Debug */ = {
			isa = XCBuildConfiguration;
			buildSettings = {
				ALWAYS_SEARCH_USER_PATHS = NO;
				ASSETCATALOG_COMPILER_GENERATE_SWIFT_ASSET_SYMBOL_EXTENSIONS = YES;
				CLANG_ANALYZER_NONNULL = YES;
				CLANG_ANALYZER_NUMBER_OBJECT_CONVERSION = YES_AGGRESSIVE;
				CLANG_CXX_LANGUAGE_STANDARD = "gnu++20";
				CLANG_ENABLE_MODULES = YES;
				CLANG_ENABLE_OBJC_ARC = YES;
				CLANG_ENABLE_OBJC_WEAK = YES;
				CLANG_WARN_BLOCK_CAPTURE_AUTORELEASING = YES;
				CLANG_WARN_BOOL_CONVERSION = YES;
				CLANG_WARN_COMMA = YES;
				CLANG_WARN_CONSTANT_CONVERSION = YES;
				CLANG_WARN_DEPRECATED_OBJC_IMPLEMENTATIONS = YES;
				CLANG_WARN_DIRECT_OBJC_ISA_USAGE = YES_ERROR;
				CLANG_WARN_DOCUMENTATION_COMMENTS = YES;
				CLANG_WARN_EMPTY_BODY = YES;
				CLANG_WARN_ENUM_CONVERSION = YES;
				CLANG_WARN_INFINITE_RECURSION = YES;
				CLANG_WARN_INT_CONVERSION = YES;
				CLANG_WARN_NON_LITERAL_NULL_CONVERSION = YES;
				CLANG_WARN_OBJC_IMPLICIT_RETAIN_SELF = YES;
				CLANG_WARN_OBJC_LITERAL_CONVERSION = YES;
				CLANG_WARN_OBJC_ROOT_CLASS = YES_ERROR;
				CLANG_WARN_QUOTED_INCLUDE_IN_FRAMEWORK_HEADER = YES;
				CLANG_WARN_RANGE_LOOP_ANALYSIS = YES;
				CLANG_WARN_STRICT_PROTOTYPES = YES;
				CLANG_WARN_SUSPICIOUS_MOVE = YES;
				CLANG_WARN_UNGUARDED_AVAILABILITY = YES_AGGRESSIVE;
				CLANG_WARN_UNREACHABLE_CODE = YES;
				CLANG_WARN__DUPLICATE_METHOD_MATCH = YES;
				COPY_PHASE_STRIP = NO;
				DEBUG_INFORMATION_FORMAT = dwarf;
				ENABLE_STRICT_OBJC_MSGSEND = YES;
				ENABLE_TESTABILITY = YES;
				ENABLE_USER_SCRIPT_SANDBOXING = NO;
				GCC_C_LANGUAGE_STANDARD = gnu17;
				GCC_DYNAMIC_NO_PIC = NO;
				GCC_NO_COMMON_BLOCKS = YES;
				GCC_OPTIMIZATION_LEVEL = 0;
				GCC_PREPROCESSOR_DEFINITIONS = (
					"DEBUG=1",
					"$(inherited)",
				);
				GCC_WARN_64_TO_32_BIT_CONVERSION = YES;
				GCC_WARN_ABOUT_RETURN_TYPE = YES_ERROR;
				GCC_WARN_UNDECLARED_SELECTOR = YES;
				GCC_WARN_UNINITIALIZED_AUTOS = YES_AGGRESSIVE;
				GCC_WARN_UNUSED_FUNCTION = YES;
				GCC_WARN_UNUSED_VARIABLE = YES;
				IPHONEOS_DEPLOYMENT_TARGET = 17.0;
				LOCALIZATION_PREFERS_STRING_CATALOGS = YES;
				MTL_ENABLE_DEBUG_INFO = INCLUDE_SOURCE;
				MTL_FAST_MATH = YES;
				ONLY_ACTIVE_ARCH = YES;
				SDKROOT = iphoneos;
				SWIFT_ACTIVE_COMPILATION_CONDITIONS = "DEBUG $(inherited)";
				SWIFT_OPTIMIZATION_LEVEL = "-Onone";
			};
			name = Debug;
		};
		20AA35812B0E1838006B8C3B /* Release */ = {
			isa = XCBuildConfiguration;
			buildSettings = {
				ALWAYS_SEARCH_USER_PATHS = NO;
				ASSETCATALOG_COMPILER_GENERATE_SWIFT_ASSET_SYMBOL_EXTENSIONS = YES;
				CLANG_ANALYZER_NONNULL = YES;
				CLANG_ANALYZER_NUMBER_OBJECT_CONVERSION = YES_AGGRESSIVE;
				CLANG_CXX_LANGUAGE_STANDARD = "gnu++20";
				CLANG_ENABLE_MODULES = YES;
				CLANG_ENABLE_OBJC_ARC = YES;
				CLANG_ENABLE_OBJC_WEAK = YES;
				CLANG_WARN_BLOCK_CAPTURE_AUTORELEASING = YES;
				CLANG_WARN_BOOL_CONVERSION = YES;
				CLANG_WARN_COMMA = YES;
				CLANG_WARN_CONSTANT_CONVERSION = YES;
				CLANG_WARN_DEPRECATED_OBJC_IMPLEMENTATIONS = YES;
				CLANG_WARN_DIRECT_OBJC_ISA_USAGE = YES_ERROR;
				CLANG_WARN_DOCUMENTATION_COMMENTS = YES;
				CLANG_WARN_EMPTY_BODY = YES;
				CLANG_WARN_ENUM_CONVERSION = YES;
				CLANG_WARN_INFINITE_RECURSION = YES;
				CLANG_WARN_INT_CONVERSION = YES;
				CLANG_WARN_NON_LITERAL_NULL_CONVERSION = YES;
				CLANG_WARN_OBJC_IMPLICIT_RETAIN_SELF = YES;
				CLANG_WARN_OBJC_LITERAL_CONVERSION = YES;
				CLANG_WARN_OBJC_ROOT_CLASS = YES_ERROR;
				CLANG_WARN_QUOTED_INCLUDE_IN_FRAMEWORK_HEADER = YES;
				CLANG_WARN_RANGE_LOOP_ANALYSIS = YES;
				CLANG_WARN_STRICT_PROTOTYPES = YES;
				CLANG_WARN_SUSPICIOUS_MOVE = YES;
				CLANG_WARN_UNGUARDED_AVAILABILITY = YES_AGGRESSIVE;
				CLANG_WARN_UNREACHABLE_CODE = YES;
				CLANG_WARN__DUPLICATE_METHOD_MATCH = YES;
				COPY_PHASE_STRIP = NO;
				DEBUG_INFORMATION_FORMAT = "dwarf-with-dsym";
				ENABLE_NS_ASSERTIONS = NO;
				ENABLE_STRICT_OBJC_MSGSEND = YES;
				ENABLE_USER_SCRIPT_SANDBOXING = NO;
				GCC_C_LANGUAGE_STANDARD = gnu17;
				GCC_NO_COMMON_BLOCKS = YES;
				GCC_WARN_64_TO_32_BIT_CONVERSION = YES;
				GCC_WARN_ABOUT_RETURN_TYPE = YES_ERROR;
				GCC_WARN_UNDECLARED_SELECTOR = YES;
				GCC_WARN_UNINITIALIZED_AUTOS = YES_AGGRESSIVE;
				GCC_WARN_UNUSED_FUNCTION = YES;
				GCC_WARN_UNUSED_VARIABLE = YES;
				IPHONEOS_DEPLOYMENT_TARGET = 17.0;
				LOCALIZATION_PREFERS_STRING_CATALOGS = YES;
				MTL_ENABLE_DEBUG_INFO = NO;
				MTL_FAST_MATH = YES;
				SDKROOT = iphoneos;
				SWIFT_COMPILATION_MODE = wholemodule;
				VALIDATE_PRODUCT = YES;
			};
			name = Release;
		};
		20AA35832B0E1838006B8C3B /* Debug */ = {
			isa = XCBuildConfiguration;
			buildSettings = {
				ASSETCATALOG_COMPILER_APPICON_NAME = AppIcon;
				ASSETCATALOG_COMPILER_GLOBAL_ACCENT_COLOR_NAME = AccentColor;
				CODE_SIGN_STYLE = Automatic;
				CURRENT_PROJECT_VERSION = 1;
				DEVELOPMENT_ASSET_PATHS = "\"MovieApp/Preview Content\"";
				DEVELOPMENT_TEAM = 7DYNZD5669;
				ENABLE_PREVIEWS = YES;
				GENERATE_INFOPLIST_FILE = YES;
				INFOPLIST_KEY_UIApplicationSceneManifest_Generation = YES;
				INFOPLIST_KEY_UIApplicationSupportsIndirectInputEvents = YES;
				INFOPLIST_KEY_UILaunchScreen_Generation = YES;
				INFOPLIST_KEY_UIRequiresFullScreen = YES;
				INFOPLIST_KEY_UISupportedInterfaceOrientations = UIInterfaceOrientationPortrait;
				INFOPLIST_KEY_UISupportedInterfaceOrientations_iPad = "UIInterfaceOrientationLandscapeLeft UIInterfaceOrientationLandscapeRight";
				INFOPLIST_KEY_UIUserInterfaceStyle = Dark;
				IPHONEOS_DEPLOYMENT_TARGET = 15.4;
				LD_RUNPATH_SEARCH_PATHS = (
					"$(inherited)",
					"@executable_path/Frameworks",
				);
				MARKETING_VERSION = 1.0;
				PRODUCT_BUNDLE_IDENTIFIER = com.zakariafekrane.MovieApp;
				PRODUCT_NAME = "$(TARGET_NAME)";
				SWIFT_EMIT_LOC_STRINGS = YES;
				SWIFT_VERSION = 5.0;
				TARGETED_DEVICE_FAMILY = "1,2";
			};
			name = Debug;
		};
		20AA35842B0E1838006B8C3B /* Release */ = {
			isa = XCBuildConfiguration;
			buildSettings = {
				ASSETCATALOG_COMPILER_APPICON_NAME = AppIcon;
				ASSETCATALOG_COMPILER_GLOBAL_ACCENT_COLOR_NAME = AccentColor;
				CODE_SIGN_STYLE = Automatic;
				CURRENT_PROJECT_VERSION = 1;
				DEVELOPMENT_ASSET_PATHS = "\"MovieApp/Preview Content\"";
				DEVELOPMENT_TEAM = 7DYNZD5669;
				ENABLE_PREVIEWS = YES;
				GENERATE_INFOPLIST_FILE = YES;
				INFOPLIST_KEY_UIApplicationSceneManifest_Generation = YES;
				INFOPLIST_KEY_UIApplicationSupportsIndirectInputEvents = YES;
				INFOPLIST_KEY_UILaunchScreen_Generation = YES;
				INFOPLIST_KEY_UIRequiresFullScreen = YES;
				INFOPLIST_KEY_UISupportedInterfaceOrientations = UIInterfaceOrientationPortrait;
				INFOPLIST_KEY_UISupportedInterfaceOrientations_iPad = "UIInterfaceOrientationLandscapeLeft UIInterfaceOrientationLandscapeRight";
				INFOPLIST_KEY_UIUserInterfaceStyle = Dark;
				IPHONEOS_DEPLOYMENT_TARGET = 15.4;
				LD_RUNPATH_SEARCH_PATHS = (
					"$(inherited)",
					"@executable_path/Frameworks",
				);
				MARKETING_VERSION = 1.0;
				PRODUCT_BUNDLE_IDENTIFIER = com.zakariafekrane.MovieApp;
				PRODUCT_NAME = "$(TARGET_NAME)";
				SWIFT_EMIT_LOC_STRINGS = YES;
				SWIFT_VERSION = 5.0;
				TARGETED_DEVICE_FAMILY = "1,2";
			};
			name = Release;
		};
		20AA35862B0E1838006B8C3B /* Debug */ = {
			isa = XCBuildConfiguration;
			buildSettings = {
				ALWAYS_EMBED_SWIFT_STANDARD_LIBRARIES = YES;
				BUNDLE_LOADER = "$(TEST_HOST)";
				CLANG_ENABLE_MODULES = YES;
				CODE_SIGN_STYLE = Automatic;
				CURRENT_PROJECT_VERSION = 1;
				DEVELOPMENT_TEAM = 7DYNZD5669;
				GENERATE_INFOPLIST_FILE = YES;
				IPHONEOS_DEPLOYMENT_TARGET = 15.4;
				MARKETING_VERSION = 1.0;
				PRODUCT_BUNDLE_IDENTIFIER = com.zakariafekrane.MovieAppTests;
				PRODUCT_NAME = "$(TARGET_NAME)";
				SWIFT_EMIT_LOC_STRINGS = NO;
				SWIFT_OBJC_BRIDGING_HEADER = "MovieAppTests/MovieAppTests-Bridging-Header.h";
				SWIFT_OPTIMIZATION_LEVEL = "-Onone";
				SWIFT_VERSION = 5.0;
				TARGETED_DEVICE_FAMILY = "1,2";
				TEST_HOST = "$(BUILT_PRODUCTS_DIR)/MovieApp.app/$(BUNDLE_EXECUTABLE_FOLDER_PATH)/MovieApp";
			};
			name = Debug;
		};
		20AA35872B0E1838006B8C3B /* Release */ = {
			isa = XCBuildConfiguration;
			buildSettings = {
				ALWAYS_EMBED_SWIFT_STANDARD_LIBRARIES = YES;
				BUNDLE_LOADER = "$(TEST_HOST)";
				CLANG_ENABLE_MODULES = YES;
				CODE_SIGN_STYLE = Automatic;
				CURRENT_PROJECT_VERSION = 1;
				DEVELOPMENT_TEAM = 7DYNZD5669;
				GENERATE_INFOPLIST_FILE = YES;
				IPHONEOS_DEPLOYMENT_TARGET = 15.4;
				MARKETING_VERSION = 1.0;
				PRODUCT_BUNDLE_IDENTIFIER = com.zakariafekrane.MovieAppTests;
				PRODUCT_NAME = "$(TARGET_NAME)";
				SWIFT_EMIT_LOC_STRINGS = NO;
				SWIFT_OBJC_BRIDGING_HEADER = "MovieAppTests/MovieAppTests-Bridging-Header.h";
				SWIFT_VERSION = 5.0;
				TARGETED_DEVICE_FAMILY = "1,2";
				TEST_HOST = "$(BUILT_PRODUCTS_DIR)/MovieApp.app/$(BUNDLE_EXECUTABLE_FOLDER_PATH)/MovieApp";
			};
			name = Release;
		};
/* End XCBuildConfiguration section */

/* Begin XCConfigurationList section */
		20AA35542B0E1835006B8C3B /* Build configuration list for PBXProject "MovieApp" */ = {
			isa = XCConfigurationList;
			buildConfigurations = (
				20AA35802B0E1838006B8C3B /* Debug */,
				20AA35812B0E1838006B8C3B /* Release */,
			);
			defaultConfigurationIsVisible = 0;
			defaultConfigurationName = Release;
		};
		20AA35822B0E1838006B8C3B /* Build configuration list for PBXNativeTarget "MovieApp" */ = {
			isa = XCConfigurationList;
			buildConfigurations = (
				20AA35832B0E1838006B8C3B /* Debug */,
				20AA35842B0E1838006B8C3B /* Release */,
			);
			defaultConfigurationIsVisible = 0;
			defaultConfigurationName = Release;
		};
		20AA35852B0E1838006B8C3B /* Build configuration list for PBXNativeTarget "MovieAppTests" */ = {
			isa = XCConfigurationList;
			buildConfigurations = (
				20AA35862B0E1838006B8C3B /* Debug */,
				20AA35872B0E1838006B8C3B /* Release */,
			);
			defaultConfigurationIsVisible = 0;
			defaultConfigurationName = Release;
		};
/* End XCConfigurationList section */

/* Begin XCRemoteSwiftPackageReference section */
		20AA35902B0E6C23006B8C3B /* XCRemoteSwiftPackageReference "RxSwift" */ = {
			isa = XCRemoteSwiftPackageReference;
			repositoryURL = "https://github.com/ReactiveX/RxSwift.git";
			requirement = {
				kind = upToNextMajorVersion;
				minimumVersion = 6.6.0;
			};
		};
		20F4DCB62B4306E000E01B33 /* XCRemoteSwiftPackageReference "netfox" */ = {
			isa = XCRemoteSwiftPackageReference;
			repositoryURL = "https://github.com/kasketis/netfox";
			requirement = {
				kind = upToNextMajorVersion;
				minimumVersion = 1.21.0;
			};
		};
/* End XCRemoteSwiftPackageReference section */

/* Begin XCSwiftPackageProductDependency section */
		209BEC392B7A244F00AB7B88 /* RxTest */ = {
			isa = XCSwiftPackageProductDependency;
			package = 20AA35902B0E6C23006B8C3B /* XCRemoteSwiftPackageReference "RxSwift" */;
			productName = RxTest;
		};
		20AA35912B0E6C23006B8C3B /* RxSwift */ = {
			isa = XCSwiftPackageProductDependency;
			package = 20AA35902B0E6C23006B8C3B /* XCRemoteSwiftPackageReference "RxSwift" */;
			productName = RxSwift;
		};
		20F4DCB72B4306E000E01B33 /* netfox */ = {
			isa = XCSwiftPackageProductDependency;
			package = 20F4DCB62B4306E000E01B33 /* XCRemoteSwiftPackageReference "netfox" */;
			productName = netfox;
		};
/* End XCSwiftPackageProductDependency section */

/* Begin XCVersionGroup section */
		20AA35672B0E1837006B8C3B /* MovieApp.xcdatamodeld */ = {
			isa = XCVersionGroup;
			children = (
				20AA35682B0E1837006B8C3B /* MovieApp.xcdatamodel */,
			);
			currentVersion = 20AA35682B0E1837006B8C3B /* MovieApp.xcdatamodel */;
			path = MovieApp.xcdatamodeld;
			sourceTree = "<group>";
			versionGroupType = wrapper.xcdatamodel;
		};
/* End XCVersionGroup section */
	};
	rootObject = 20AA35512B0E1835006B8C3B /* Project object */;
}
