// !$*UTF8*$!
{
	archiveVersion = 1;
	classes = {
	};
	objectVersion = 56;
	objects = {

/* Begin PBXBuildFile section */
		202DB1EE2B27739E003913BE /* TopRatedCarousel.swift in Sources */ = {isa = PBXBuildFile; fileRef = 202DB1ED2B27739E003913BE /* TopRatedCarousel.swift */; };
		203C783F2B2B64DF000C7521 /* Carousel.swift in Sources */ = {isa = PBXBuildFile; fileRef = 203C783E2B2B64DF000C7521 /* Carousel.swift */; };
		203C78412B2C4D19000C7521 /* Colors.xcassets in Resources */ = {isa = PBXBuildFile; fileRef = 203C78402B2C4D19000C7521 /* Colors.xcassets */; };
		20AA355D2B0E1835006B8C3B /* MovieApp.swift in Sources */ = {isa = PBXBuildFile; fileRef = 20AA355C2B0E1835006B8C3B /* MovieApp.swift */; };
		20AA355F2B0E1835006B8C3B /* ContentView.swift in Sources */ = {isa = PBXBuildFile; fileRef = 20AA355E2B0E1835006B8C3B /* ContentView.swift */; };
		20AA35612B0E1837006B8C3B /* Assets.xcassets in Resources */ = {isa = PBXBuildFile; fileRef = 20AA35602B0E1837006B8C3B /* Assets.xcassets */; };
		20AA35642B0E1837006B8C3B /* Preview Assets.xcassets in Resources */ = {isa = PBXBuildFile; fileRef = 20AA35632B0E1837006B8C3B /* Preview Assets.xcassets */; };
		20AA35662B0E1837006B8C3B /* Persistence.swift in Sources */ = {isa = PBXBuildFile; fileRef = 20AA35652B0E1837006B8C3B /* Persistence.swift */; };
		20AA35692B0E1837006B8C3B /* MovieApp.xcdatamodeld in Sources */ = {isa = PBXBuildFile; fileRef = 20AA35672B0E1837006B8C3B /* MovieApp.xcdatamodeld */; };
		20AA35732B0E1837006B8C3B /* MovieAppTests.swift in Sources */ = {isa = PBXBuildFile; fileRef = 20AA35722B0E1837006B8C3B /* MovieAppTests.swift */; };
		20AA357D2B0E1838006B8C3B /* MovieAppUITests.swift in Sources */ = {isa = PBXBuildFile; fileRef = 20AA357C2B0E1838006B8C3B /* MovieAppUITests.swift */; };
		20AA357F2B0E1838006B8C3B /* MovieAppUITestsLaunchTests.swift in Sources */ = {isa = PBXBuildFile; fileRef = 20AA357E2B0E1838006B8C3B /* MovieAppUITestsLaunchTests.swift */; };
		20AA358F2B0E6A90006B8C3B /* HttpClient.swift in Sources */ = {isa = PBXBuildFile; fileRef = 20AA358E2B0E6A90006B8C3B /* HttpClient.swift */; };
		20AA35922B0E6C23006B8C3B /* RxSwift in Frameworks */ = {isa = PBXBuildFile; productRef = 20AA35912B0E6C23006B8C3B /* RxSwift */; };
		20AA35942B0F596C006B8C3B /* Enums.swift in Sources */ = {isa = PBXBuildFile; fileRef = 20AA35932B0F596C006B8C3B /* Enums.swift */; };
		20AA35962B0F5F6E006B8C3B /* URLSessionProtocol.swift in Sources */ = {isa = PBXBuildFile; fileRef = 20AA35952B0F5F6E006B8C3B /* URLSessionProtocol.swift */; };
		20AA35982B0F625E006B8C3B /* NetworkManger.swift in Sources */ = {isa = PBXBuildFile; fileRef = 20AA35972B0F625E006B8C3B /* NetworkManger.swift */; };
		20C651902B1499850089E59C /* RefreshTokenService.swift in Sources */ = {isa = PBXBuildFile; fileRef = 20C6518F2B1499850089E59C /* RefreshTokenService.swift */; };
		20C651942B14A1CE0089E59C /* APIConfiguration.swift in Sources */ = {isa = PBXBuildFile; fileRef = 20C651932B14A1CE0089E59C /* APIConfiguration.swift */; };
		20C651962B14DAC60089E59C /* GenericObjectMapper.swift in Sources */ = {isa = PBXBuildFile; fileRef = 20C651952B14DAC60089E59C /* GenericObjectMapper.swift */; };
		20C651992B172F360089E59C /* HomeScreen.swift in Sources */ = {isa = PBXBuildFile; fileRef = 20C651982B172F360089E59C /* HomeScreen.swift */; };
		20C6519B2B1747F70089E59C /* icons.xcassets in Resources */ = {isa = PBXBuildFile; fileRef = 20C6519A2B1747F60089E59C /* icons.xcassets */; };
		20C6519F2B1756930089E59C /* MovieCell.swift in Sources */ = {isa = PBXBuildFile; fileRef = 20C6519E2B1756930089E59C /* MovieCell.swift */; };
		20C651A12B1756EC0089E59C /* MoviesSection.swift in Sources */ = {isa = PBXBuildFile; fileRef = 20C651A02B1756EC0089E59C /* MoviesSection.swift */; };
/* End PBXBuildFile section */

/* Begin PBXContainerItemProxy section */
		20AA356F2B0E1837006B8C3B /* PBXContainerItemProxy */ = {
			isa = PBXContainerItemProxy;
			containerPortal = 20AA35512B0E1835006B8C3B /* Project object */;
			proxyType = 1;
			remoteGlobalIDString = 20AA35582B0E1835006B8C3B;
			remoteInfo = MovieApp;
		};
		20AA35792B0E1838006B8C3B /* PBXContainerItemProxy */ = {
			isa = PBXContainerItemProxy;
			containerPortal = 20AA35512B0E1835006B8C3B /* Project object */;
			proxyType = 1;
			remoteGlobalIDString = 20AA35582B0E1835006B8C3B;
			remoteInfo = MovieApp;
		};
/* End PBXContainerItemProxy section */

/* Begin PBXFileReference section */
		202DB1ED2B27739E003913BE /* TopRatedCarousel.swift */ = {isa = PBXFileReference; lastKnownFileType = sourcecode.swift; path = TopRatedCarousel.swift; sourceTree = "<group>"; };
		203C783E2B2B64DF000C7521 /* Carousel.swift */ = {isa = PBXFileReference; lastKnownFileType = sourcecode.swift; path = Carousel.swift; sourceTree = "<group>"; };
		203C78402B2C4D19000C7521 /* Colors.xcassets */ = {isa = PBXFileReference; lastKnownFileType = folder.assetcatalog; path = Colors.xcassets; sourceTree = "<group>"; };
		20AA35592B0E1835006B8C3B /* MovieApp.app */ = {isa = PBXFileReference; explicitFileType = wrapper.application; includeInIndex = 0; path = MovieApp.app; sourceTree = BUILT_PRODUCTS_DIR; };
		20AA355C2B0E1835006B8C3B /* MovieApp.swift */ = {isa = PBXFileReference; lastKnownFileType = sourcecode.swift; path = MovieApp.swift; sourceTree = "<group>"; };
		20AA355E2B0E1835006B8C3B /* ContentView.swift */ = {isa = PBXFileReference; lastKnownFileType = sourcecode.swift; path = ContentView.swift; sourceTree = "<group>"; };
		20AA35602B0E1837006B8C3B /* Assets.xcassets */ = {isa = PBXFileReference; lastKnownFileType = folder.assetcatalog; path = Assets.xcassets; sourceTree = "<group>"; };
		20AA35632B0E1837006B8C3B /* Preview Assets.xcassets */ = {isa = PBXFileReference; lastKnownFileType = folder.assetcatalog; path = "Preview Assets.xcassets"; sourceTree = "<group>"; };
		20AA35652B0E1837006B8C3B /* Persistence.swift */ = {isa = PBXFileReference; lastKnownFileType = sourcecode.swift; path = Persistence.swift; sourceTree = "<group>"; };
		20AA35682B0E1837006B8C3B /* MovieApp.xcdatamodel */ = {isa = PBXFileReference; lastKnownFileType = wrapper.xcdatamodel; path = MovieApp.xcdatamodel; sourceTree = "<group>"; };
		20AA356E2B0E1837006B8C3B /* MovieAppTests.xctest */ = {isa = PBXFileReference; explicitFileType = wrapper.cfbundle; includeInIndex = 0; path = MovieAppTests.xctest; sourceTree = BUILT_PRODUCTS_DIR; };
		20AA35722B0E1837006B8C3B /* MovieAppTests.swift */ = {isa = PBXFileReference; lastKnownFileType = sourcecode.swift; path = MovieAppTests.swift; sourceTree = "<group>"; };
		20AA35782B0E1838006B8C3B /* MovieAppUITests.xctest */ = {isa = PBXFileReference; explicitFileType = wrapper.cfbundle; includeInIndex = 0; path = MovieAppUITests.xctest; sourceTree = BUILT_PRODUCTS_DIR; };
		20AA357C2B0E1838006B8C3B /* MovieAppUITests.swift */ = {isa = PBXFileReference; lastKnownFileType = sourcecode.swift; path = MovieAppUITests.swift; sourceTree = "<group>"; };
		20AA357E2B0E1838006B8C3B /* MovieAppUITestsLaunchTests.swift */ = {isa = PBXFileReference; lastKnownFileType = sourcecode.swift; path = MovieAppUITestsLaunchTests.swift; sourceTree = "<group>"; };
		20AA358E2B0E6A90006B8C3B /* HttpClient.swift */ = {isa = PBXFileReference; lastKnownFileType = sourcecode.swift; path = HttpClient.swift; sourceTree = "<group>"; };
		20AA35932B0F596C006B8C3B /* Enums.swift */ = {isa = PBXFileReference; lastKnownFileType = sourcecode.swift; path = Enums.swift; sourceTree = "<group>"; };
		20AA35952B0F5F6E006B8C3B /* URLSessionProtocol.swift */ = {isa = PBXFileReference; lastKnownFileType = sourcecode.swift; path = URLSessionProtocol.swift; sourceTree = "<group>"; };
		20AA35972B0F625E006B8C3B /* NetworkManger.swift */ = {isa = PBXFileReference; lastKnownFileType = sourcecode.swift; path = NetworkManger.swift; sourceTree = "<group>"; };
		20C6518F2B1499850089E59C /* RefreshTokenService.swift */ = {isa = PBXFileReference; lastKnownFileType = sourcecode.swift; path = RefreshTokenService.swift; sourceTree = "<group>"; };
		20C651932B14A1CE0089E59C /* APIConfiguration.swift */ = {isa = PBXFileReference; lastKnownFileType = sourcecode.swift; path = APIConfiguration.swift; sourceTree = "<group>"; };
		20C651952B14DAC60089E59C /* GenericObjectMapper.swift */ = {isa = PBXFileReference; lastKnownFileType = sourcecode.swift; path = GenericObjectMapper.swift; sourceTree = "<group>"; };
		20C651982B172F360089E59C /* HomeScreen.swift */ = {isa = PBXFileReference; lastKnownFileType = sourcecode.swift; path = HomeScreen.swift; sourceTree = "<group>"; };
		20C6519A2B1747F60089E59C /* icons.xcassets */ = {isa = PBXFileReference; lastKnownFileType = folder.assetcatalog; path = icons.xcassets; sourceTree = "<group>"; };
		20C6519E2B1756930089E59C /* MovieCell.swift */ = {isa = PBXFileReference; lastKnownFileType = sourcecode.swift; path = MovieCell.swift; sourceTree = "<group>"; };
		20C651A02B1756EC0089E59C /* MoviesSection.swift */ = {isa = PBXFileReference; lastKnownFileType = sourcecode.swift; path = MoviesSection.swift; sourceTree = "<group>"; };
/* End PBXFileReference section */

/* Begin PBXFrameworksBuildPhase section */
		20AA35562B0E1835006B8C3B /* Frameworks */ = {
			isa = PBXFrameworksBuildPhase;
			buildActionMask = 2147483647;
			files = (
				20AA35922B0E6C23006B8C3B /* RxSwift in Frameworks */,
			);
			runOnlyForDeploymentPostprocessing = 0;
		};
		20AA356B2B0E1837006B8C3B /* Frameworks */ = {
			isa = PBXFrameworksBuildPhase;
			buildActionMask = 2147483647;
			files = (
			);
			runOnlyForDeploymentPostprocessing = 0;
		};
		20AA35752B0E1838006B8C3B /* Frameworks */ = {
			isa = PBXFrameworksBuildPhase;
			buildActionMask = 2147483647;
			files = (
			);
			runOnlyForDeploymentPostprocessing = 0;
		};
/* End PBXFrameworksBuildPhase section */

/* Begin PBXGroup section */
		203C78352B2B4630000C7521 /* MovieCell */ = {
			isa = PBXGroup;
			children = (
				20C6519E2B1756930089E59C /* MovieCell.swift */,
			);
			path = MovieCell;
			sourceTree = "<group>";
		};
		203C78362B2B463A000C7521 /* MoviesSection */ = {
			isa = PBXGroup;
			children = (
				20C651A02B1756EC0089E59C /* MoviesSection.swift */,
			);
			path = MoviesSection;
			sourceTree = "<group>";
		};
		203C78372B2B464F000C7521 /* TopRatedCarousel */ = {
			isa = PBXGroup;
			children = (
				202DB1ED2B27739E003913BE /* TopRatedCarousel.swift */,
			);
			path = TopRatedCarousel;
			sourceTree = "<group>";
		};
		203C78382B2B49DD000C7521 /* ModifierStyles */ = {
			isa = PBXGroup;
			children = (
			);
			path = ModifierStyles;
			sourceTree = "<group>";
		};
		203C783B2B2B5CEC000C7521 /* Views */ = {
			isa = PBXGroup;
			children = (
				203C783E2B2B64DF000C7521 /* Carousel.swift */,
			);
			path = Views;
			sourceTree = "<group>";
		};
		20AA35502B0E1835006B8C3B = {
			isa = PBXGroup;
			children = (
				203C78402B2C4D19000C7521 /* Colors.xcassets */,
				20C6519A2B1747F60089E59C /* icons.xcassets */,
				20AA355B2B0E1835006B8C3B /* MovieApp */,
				20AA35712B0E1837006B8C3B /* MovieAppTests */,
				20AA357B2B0E1838006B8C3B /* MovieAppUITests */,
				20AA355A2B0E1835006B8C3B /* Products */,
			);
			sourceTree = "<group>";
		};
		20AA355A2B0E1835006B8C3B /* Products */ = {
			isa = PBXGroup;
			children = (
				20AA35592B0E1835006B8C3B /* MovieApp.app */,
				20AA356E2B0E1837006B8C3B /* MovieAppTests.xctest */,
				20AA35782B0E1838006B8C3B /* MovieAppUITests.xctest */,
			);
			name = Products;
			sourceTree = "<group>";
		};
		20AA355B2B0E1835006B8C3B /* MovieApp */ = {
			isa = PBXGroup;
			children = (
				20C6518C2B129D6B0089E59C /* Scenes */,
				20AA358C2B0E6A59006B8C3B /* Networking */,
				20AA358B2B0E6A34006B8C3B /* Common */,
				20AA355C2B0E1835006B8C3B /* MovieApp.swift */,
				20AA355E2B0E1835006B8C3B /* ContentView.swift */,
				20AA35602B0E1837006B8C3B /* Assets.xcassets */,
				20AA35652B0E1837006B8C3B /* Persistence.swift */,
				20AA35672B0E1837006B8C3B /* MovieApp.xcdatamodeld */,
				20AA35622B0E1837006B8C3B /* Preview Content */,
			);
			path = MovieApp;
			sourceTree = "<group>";
		};
		20AA35622B0E1837006B8C3B /* Preview Content */ = {
			isa = PBXGroup;
			children = (
				20AA35632B0E1837006B8C3B /* Preview Assets.xcassets */,
			);
			path = "Preview Content";
			sourceTree = "<group>";
		};
		20AA35712B0E1837006B8C3B /* MovieAppTests */ = {
			isa = PBXGroup;
			children = (
				20AA35722B0E1837006B8C3B /* MovieAppTests.swift */,
			);
			path = MovieAppTests;
			sourceTree = "<group>";
		};
		20AA357B2B0E1838006B8C3B /* MovieAppUITests */ = {
			isa = PBXGroup;
			children = (
				20AA357C2B0E1838006B8C3B /* MovieAppUITests.swift */,
				20AA357E2B0E1838006B8C3B /* MovieAppUITestsLaunchTests.swift */,
			);
			path = MovieAppUITests;
			sourceTree = "<group>";
		};
		20AA358B2B0E6A34006B8C3B /* Common */ = {
			isa = PBXGroup;
			children = (
				203C783B2B2B5CEC000C7521 /* Views */,
				20AA35932B0F596C006B8C3B /* Enums.swift */,
				20C651932B14A1CE0089E59C /* APIConfiguration.swift */,
				20C651952B14DAC60089E59C /* GenericObjectMapper.swift */,
			);
			path = Common;
			sourceTree = "<group>";
		};
		20AA358C2B0E6A59006B8C3B /* Networking */ = {
			isa = PBXGroup;
			children = (
				20AA358D2B0E6A77006B8C3B /* Protocols */,
				20AA35972B0F625E006B8C3B /* NetworkManger.swift */,
				20C6518F2B1499850089E59C /* RefreshTokenService.swift */,
			);
			path = Networking;
			sourceTree = "<group>";
		};
		20AA358D2B0E6A77006B8C3B /* Protocols */ = {
			isa = PBXGroup;
			children = (
				20AA358E2B0E6A90006B8C3B /* HttpClient.swift */,
				20AA35952B0F5F6E006B8C3B /* URLSessionProtocol.swift */,
			);
			path = Protocols;
			sourceTree = "<group>";
		};
		20C6518C2B129D6B0089E59C /* Scenes */ = {
			isa = PBXGroup;
			children = (
				20C651972B172F250089E59C /* Home */,
			);
			path = Scenes;
			sourceTree = "<group>";
		};
		20C651972B172F250089E59C /* Home */ = {
			isa = PBXGroup;
			children = (
				20C6519C2B17536E0089E59C /* View */,
			);
			path = Home;
			sourceTree = "<group>";
		};
		20C6519C2B17536E0089E59C /* View */ = {
			isa = PBXGroup;
			children = (
				203C78382B2B49DD000C7521 /* ModifierStyles */,
				20C6519D2B17567E0089E59C /* UI Components */,
				20C651982B172F360089E59C /* HomeScreen.swift */,
			);
			path = View;
			sourceTree = "<group>";
		};
		20C6519D2B17567E0089E59C /* UI Components */ = {
			isa = PBXGroup;
			children = (
				203C78372B2B464F000C7521 /* TopRatedCarousel */,
				203C78362B2B463A000C7521 /* MoviesSection */,
				203C78352B2B4630000C7521 /* MovieCell */,
			);
			path = "UI Components";
			sourceTree = "<group>";
		};
/* End PBXGroup section */

/* Begin PBXNativeTarget section */
		20AA35582B0E1835006B8C3B /* MovieApp */ = {
			isa = PBXNativeTarget;
			buildConfigurationList = 20AA35822B0E1838006B8C3B /* Build configuration list for PBXNativeTarget "MovieApp" */;
			buildPhases = (
				20AA35552B0E1835006B8C3B /* Sources */,
				20AA35562B0E1835006B8C3B /* Frameworks */,
				20AA35572B0E1835006B8C3B /* Resources */,
			);
			buildRules = (
			);
			dependencies = (
			);
			name = MovieApp;
			packageProductDependencies = (
				20AA35912B0E6C23006B8C3B /* RxSwift */,
			);
			productName = MovieApp;
			productReference = 20AA35592B0E1835006B8C3B /* MovieApp.app */;
			productType = "com.apple.product-type.application";
		};
		20AA356D2B0E1837006B8C3B /* MovieAppTests */ = {
			isa = PBXNativeTarget;
			buildConfigurationList = 20AA35852B0E1838006B8C3B /* Build configuration list for PBXNativeTarget "MovieAppTests" */;
			buildPhases = (
				20AA356A2B0E1837006B8C3B /* Sources */,
				20AA356B2B0E1837006B8C3B /* Frameworks */,
				20AA356C2B0E1837006B8C3B /* Resources */,
			);
			buildRules = (
			);
			dependencies = (
				20AA35702B0E1837006B8C3B /* PBXTargetDependency */,
			);
			name = MovieAppTests;
			productName = MovieAppTests;
			productReference = 20AA356E2B0E1837006B8C3B /* MovieAppTests.xctest */;
			productType = "com.apple.product-type.bundle.unit-test";
		};
		20AA35772B0E1838006B8C3B /* MovieAppUITests */ = {
			isa = PBXNativeTarget;
			buildConfigurationList = 20AA35882B0E1838006B8C3B /* Build configuration list for PBXNativeTarget "MovieAppUITests" */;
			buildPhases = (
				20AA35742B0E1838006B8C3B /* Sources */,
				20AA35752B0E1838006B8C3B /* Frameworks */,
				20AA35762B0E1838006B8C3B /* Resources */,
			);
			buildRules = (
			);
			dependencies = (
				20AA357A2B0E1838006B8C3B /* PBXTargetDependency */,
			);
			name = MovieAppUITests;
			productName = MovieAppUITests;
			productReference = 20AA35782B0E1838006B8C3B /* MovieAppUITests.xctest */;
			productType = "com.apple.product-type.bundle.ui-testing";
		};
/* End PBXNativeTarget section */

/* Begin PBXProject section */
		20AA35512B0E1835006B8C3B /* Project object */ = {
			isa = PBXProject;
			attributes = {
				BuildIndependentTargetsInParallel = 1;
				LastSwiftUpdateCheck = 1500;
				LastUpgradeCheck = 1500;
				TargetAttributes = {
					20AA35582B0E1835006B8C3B = {
						CreatedOnToolsVersion = 15.0.1;
					};
					20AA356D2B0E1837006B8C3B = {
						CreatedOnToolsVersion = 15.0.1;
						TestTargetID = 20AA35582B0E1835006B8C3B;
					};
					20AA35772B0E1838006B8C3B = {
						CreatedOnToolsVersion = 15.0.1;
						TestTargetID = 20AA35582B0E1835006B8C3B;
					};
				};
			};
			buildConfigurationList = 20AA35542B0E1835006B8C3B /* Build configuration list for PBXProject "MovieApp" */;
			compatibilityVersion = "Xcode 14.0";
			developmentRegion = en;
			hasScannedForEncodings = 0;
			knownRegions = (
				en,
				Base,
			);
			mainGroup = 20AA35502B0E1835006B8C3B;
			packageReferences = (
				20AA35902B0E6C23006B8C3B /* XCRemoteSwiftPackageReference "RxSwift" */,
			);
			productRefGroup = 20AA355A2B0E1835006B8C3B /* Products */;
			projectDirPath = "";
			projectRoot = "";
			targets = (
				20AA35582B0E1835006B8C3B /* MovieApp */,
				20AA356D2B0E1837006B8C3B /* MovieAppTests */,
				20AA35772B0E1838006B8C3B /* MovieAppUITests */,
			);
		};
/* End PBXProject section */

/* Begin PBXResourcesBuildPhase section */
		20AA35572B0E1835006B8C3B /* Resources */ = {
			isa = PBXResourcesBuildPhase;
			buildActionMask = 2147483647;
			files = (
				20AA35642B0E1837006B8C3B /* Preview Assets.xcassets in Resources */,
				203C78412B2C4D19000C7521 /* Colors.xcassets in Resources */,
				20C6519B2B1747F70089E59C /* icons.xcassets in Resources */,
				20AA35612B0E1837006B8C3B /* Assets.xcassets in Resources */,
			);
			runOnlyForDeploymentPostprocessing = 0;
		};
		20AA356C2B0E1837006B8C3B /* Resources */ = {
			isa = PBXResourcesBuildPhase;
			buildActionMask = 2147483647;
			files = (
			);
			runOnlyForDeploymentPostprocessing = 0;
		};
		20AA35762B0E1838006B8C3B /* Resources */ = {
			isa = PBXResourcesBuildPhase;
			buildActionMask = 2147483647;
			files = (
			);
			runOnlyForDeploymentPostprocessing = 0;
		};
/* End PBXResourcesBuildPhase section */

/* Begin PBXSourcesBuildPhase section */
		20AA35552B0E1835006B8C3B /* Sources */ = {
			isa = PBXSourcesBuildPhase;
			buildActionMask = 2147483647;
			files = (
				20C6519F2B1756930089E59C /* MovieCell.swift in Sources */,
				203C783F2B2B64DF000C7521 /* Carousel.swift in Sources */,
				20AA35962B0F5F6E006B8C3B /* URLSessionProtocol.swift in Sources */,
				20AA358F2B0E6A90006B8C3B /* HttpClient.swift in Sources */,
				20C651942B14A1CE0089E59C /* APIConfiguration.swift in Sources */,
				20AA35982B0F625E006B8C3B /* NetworkManger.swift in Sources */,
				20C651902B1499850089E59C /* RefreshTokenService.swift in Sources */,
				20C651962B14DAC60089E59C /* GenericObjectMapper.swift in Sources */,
				20AA35662B0E1837006B8C3B /* Persistence.swift in Sources */,
				20AA355F2B0E1835006B8C3B /* ContentView.swift in Sources */,
				20AA35692B0E1837006B8C3B /* MovieApp.xcdatamodeld in Sources */,
				20C651992B172F360089E59C /* HomeScreen.swift in Sources */,
				20AA35942B0F596C006B8C3B /* Enums.swift in Sources */,
				20C651A12B1756EC0089E59C /* MoviesSection.swift in Sources */,
				20AA355D2B0E1835006B8C3B /* MovieApp.swift in Sources */,
				202DB1EE2B27739E003913BE /* TopRatedCarousel.swift in Sources */,
			);
			runOnlyForDeploymentPostprocessing = 0;
		};
		20AA356A2B0E1837006B8C3B /* Sources */ = {
			isa = PBXSourcesBuildPhase;
			buildActionMask = 2147483647;
			files = (
				20AA35732B0E1837006B8C3B /* MovieAppTests.swift in Sources */,
			);
			runOnlyForDeploymentPostprocessing = 0;
		};
		20AA35742B0E1838006B8C3B /* Sources */ = {
			isa = PBXSourcesBuildPhase;
			buildActionMask = 2147483647;
			files = (
				20AA357F2B0E1838006B8C3B /* MovieAppUITestsLaunchTests.swift in Sources */,
				20AA357D2B0E1838006B8C3B /* MovieAppUITests.swift in Sources */,
			);
			runOnlyForDeploymentPostprocessing = 0;
		};
/* End PBXSourcesBuildPhase section */

/* Begin PBXTargetDependency section */
		20AA35702B0E1837006B8C3B /* PBXTargetDependency */ = {
			isa = PBXTargetDependency;
			target = 20AA35582B0E1835006B8C3B /* MovieApp */;
			targetProxy = 20AA356F2B0E1837006B8C3B /* PBXContainerItemProxy */;
		};
		20AA357A2B0E1838006B8C3B /* PBXTargetDependency */ = {
			isa = PBXTargetDependency;
			target = 20AA35582B0E1835006B8C3B /* MovieApp */;
			targetProxy = 20AA35792B0E1838006B8C3B /* PBXContainerItemProxy */;
		};
/* End PBXTargetDependency section */

/* Begin XCBuildConfiguration section */
		20AA35802B0E1838006B8C3B /* Debug */ = {
			isa = XCBuildConfiguration;
			buildSettings = {
				ALWAYS_SEARCH_USER_PATHS = NO;
				ASSETCATALOG_COMPILER_GENERATE_SWIFT_ASSET_SYMBOL_EXTENSIONS = YES;
				CLANG_ANALYZER_NONNULL = YES;
				CLANG_ANALYZER_NUMBER_OBJECT_CONVERSION = YES_AGGRESSIVE;
				CLANG_CXX_LANGUAGE_STANDARD = "gnu++20";
				CLANG_ENABLE_MODULES = YES;
				CLANG_ENABLE_OBJC_ARC = YES;
				CLANG_ENABLE_OBJC_WEAK = YES;
				CLANG_WARN_BLOCK_CAPTURE_AUTORELEASING = YES;
				CLANG_WARN_BOOL_CONVERSION = YES;
				CLANG_WARN_COMMA = YES;
				CLANG_WARN_CONSTANT_CONVERSION = YES;
				CLANG_WARN_DEPRECATED_OBJC_IMPLEMENTATIONS = YES;
				CLANG_WARN_DIRECT_OBJC_ISA_USAGE = YES_ERROR;
				CLANG_WARN_DOCUMENTATION_COMMENTS = YES;
				CLANG_WARN_EMPTY_BODY = YES;
				CLANG_WARN_ENUM_CONVERSION = YES;
				CLANG_WARN_INFINITE_RECURSION = YES;
				CLANG_WARN_INT_CONVERSION = YES;
				CLANG_WARN_NON_LITERAL_NULL_CONVERSION = YES;
				CLANG_WARN_OBJC_IMPLICIT_RETAIN_SELF = YES;
				CLANG_WARN_OBJC_LITERAL_CONVERSION = YES;
				CLANG_WARN_OBJC_ROOT_CLASS = YES_ERROR;
				CLANG_WARN_QUOTED_INCLUDE_IN_FRAMEWORK_HEADER = YES;
				CLANG_WARN_RANGE_LOOP_ANALYSIS = YES;
				CLANG_WARN_STRICT_PROTOTYPES = YES;
				CLANG_WARN_SUSPICIOUS_MOVE = YES;
				CLANG_WARN_UNGUARDED_AVAILABILITY = YES_AGGRESSIVE;
				CLANG_WARN_UNREACHABLE_CODE = YES;
				CLANG_WARN__DUPLICATE_METHOD_MATCH = YES;
				COPY_PHASE_STRIP = NO;
				DEBUG_INFORMATION_FORMAT = dwarf;
				ENABLE_STRICT_OBJC_MSGSEND = YES;
				ENABLE_TESTABILITY = YES;
				ENABLE_USER_SCRIPT_SANDBOXING = YES;
				GCC_C_LANGUAGE_STANDARD = gnu17;
				GCC_DYNAMIC_NO_PIC = NO;
				GCC_NO_COMMON_BLOCKS = YES;
				GCC_OPTIMIZATION_LEVEL = 0;
				GCC_PREPROCESSOR_DEFINITIONS = (
					"DEBUG=1",
					"$(inherited)",
				);
				GCC_WARN_64_TO_32_BIT_CONVERSION = YES;
				GCC_WARN_ABOUT_RETURN_TYPE = YES_ERROR;
				GCC_WARN_UNDECLARED_SELECTOR = YES;
				GCC_WARN_UNINITIALIZED_AUTOS = YES_AGGRESSIVE;
				GCC_WARN_UNUSED_FUNCTION = YES;
				GCC_WARN_UNUSED_VARIABLE = YES;
				IPHONEOS_DEPLOYMENT_TARGET = 17.0;
				LOCALIZATION_PREFERS_STRING_CATALOGS = YES;
				MTL_ENABLE_DEBUG_INFO = INCLUDE_SOURCE;
				MTL_FAST_MATH = YES;
				ONLY_ACTIVE_ARCH = YES;
				SDKROOT = iphoneos;
				SWIFT_ACTIVE_COMPILATION_CONDITIONS = "DEBUG $(inherited)";
				SWIFT_OPTIMIZATION_LEVEL = "-Onone";
			};
			name = Debug;
		};
		20AA35812B0E1838006B8C3B /* Release */ = {
			isa = XCBuildConfiguration;
			buildSettings = {
				ALWAYS_SEARCH_USER_PATHS = NO;
				ASSETCATALOG_COMPILER_GENERATE_SWIFT_ASSET_SYMBOL_EXTENSIONS = YES;
				CLANG_ANALYZER_NONNULL = YES;
				CLANG_ANALYZER_NUMBER_OBJECT_CONVERSION = YES_AGGRESSIVE;
				CLANG_CXX_LANGUAGE_STANDARD = "gnu++20";
				CLANG_ENABLE_MODULES = YES;
				CLANG_ENABLE_OBJC_ARC = YES;
				CLANG_ENABLE_OBJC_WEAK = YES;
				CLANG_WARN_BLOCK_CAPTURE_AUTORELEASING = YES;
				CLANG_WARN_BOOL_CONVERSION = YES;
				CLANG_WARN_COMMA = YES;
				CLANG_WARN_CONSTANT_CONVERSION = YES;
				CLANG_WARN_DEPRECATED_OBJC_IMPLEMENTATIONS = YES;
				CLANG_WARN_DIRECT_OBJC_ISA_USAGE = YES_ERROR;
				CLANG_WARN_DOCUMENTATION_COMMENTS = YES;
				CLANG_WARN_EMPTY_BODY = YES;
				CLANG_WARN_ENUM_CONVERSION = YES;
				CLANG_WARN_INFINITE_RECURSION = YES;
				CLANG_WARN_INT_CONVERSION = YES;
				CLANG_WARN_NON_LITERAL_NULL_CONVERSION = YES;
				CLANG_WARN_OBJC_IMPLICIT_RETAIN_SELF = YES;
				CLANG_WARN_OBJC_LITERAL_CONVERSION = YES;
				CLANG_WARN_OBJC_ROOT_CLASS = YES_ERROR;
				CLANG_WARN_QUOTED_INCLUDE_IN_FRAMEWORK_HEADER = YES;
				CLANG_WARN_RANGE_LOOP_ANALYSIS = YES;
				CLANG_WARN_STRICT_PROTOTYPES = YES;
				CLANG_WARN_SUSPICIOUS_MOVE = YES;
				CLANG_WARN_UNGUARDED_AVAILABILITY = YES_AGGRESSIVE;
				CLANG_WARN_UNREACHABLE_CODE = YES;
				CLANG_WARN__DUPLICATE_METHOD_MATCH = YES;
				COPY_PHASE_STRIP = NO;
				DEBUG_INFORMATION_FORMAT = "dwarf-with-dsym";
				ENABLE_NS_ASSERTIONS = NO;
				ENABLE_STRICT_OBJC_MSGSEND = YES;
				ENABLE_USER_SCRIPT_SANDBOXING = YES;
				GCC_C_LANGUAGE_STANDARD = gnu17;
				GCC_NO_COMMON_BLOCKS = YES;
				GCC_WARN_64_TO_32_BIT_CONVERSION = YES;
				GCC_WARN_ABOUT_RETURN_TYPE = YES_ERROR;
				GCC_WARN_UNDECLARED_SELECTOR = YES;
				GCC_WARN_UNINITIALIZED_AUTOS = YES_AGGRESSIVE;
				GCC_WARN_UNUSED_FUNCTION = YES;
				GCC_WARN_UNUSED_VARIABLE = YES;
				IPHONEOS_DEPLOYMENT_TARGET = 17.0;
				LOCALIZATION_PREFERS_STRING_CATALOGS = YES;
				MTL_ENABLE_DEBUG_INFO = NO;
				MTL_FAST_MATH = YES;
				SDKROOT = iphoneos;
				SWIFT_COMPILATION_MODE = wholemodule;
				VALIDATE_PRODUCT = YES;
			};
			name = Release;
		};
		20AA35832B0E1838006B8C3B /* Debug */ = {
			isa = XCBuildConfiguration;
			buildSettings = {
				ASSETCATALOG_COMPILER_APPICON_NAME = AppIcon;
				ASSETCATALOG_COMPILER_GLOBAL_ACCENT_COLOR_NAME = AccentColor;
				CODE_SIGN_STYLE = Automatic;
				CURRENT_PROJECT_VERSION = 1;
				DEVELOPMENT_ASSET_PATHS = "\"MovieApp/Preview Content\"";
				DEVELOPMENT_TEAM = 7DYNZD5669;
				ENABLE_PREVIEWS = YES;
				GENERATE_INFOPLIST_FILE = YES;
				INFOPLIST_KEY_UIApplicationSceneManifest_Generation = YES;
				INFOPLIST_KEY_UIApplicationSupportsIndirectInputEvents = YES;
				INFOPLIST_KEY_UILaunchScreen_Generation = YES;
				INFOPLIST_KEY_UIRequiresFullScreen = YES;
				INFOPLIST_KEY_UISupportedInterfaceOrientations = UIInterfaceOrientationPortrait;
				INFOPLIST_KEY_UISupportedInterfaceOrientations_iPad = "UIInterfaceOrientationLandscapeLeft UIInterfaceOrientationLandscapeRight";
				IPHONEOS_DEPLOYMENT_TARGET = 15.4;
				LD_RUNPATH_SEARCH_PATHS = (
					"$(inherited)",
					"@executable_path/Frameworks",
				);
				MARKETING_VERSION = 1.0;
				PRODUCT_BUNDLE_IDENTIFIER = com.zakariafekrane.MovieApp;
				PRODUCT_NAME = "$(TARGET_NAME)";
				SWIFT_EMIT_LOC_STRINGS = YES;
				SWIFT_VERSION = 5.0;
				TARGETED_DEVICE_FAMILY = "1,2";
			};
			name = Debug;
		};
		20AA35842B0E1838006B8C3B /* Release */ = {
			isa = XCBuildConfiguration;
			buildSettings = {
				ASSETCATALOG_COMPILER_APPICON_NAME = AppIcon;
				ASSETCATALOG_COMPILER_GLOBAL_ACCENT_COLOR_NAME = AccentColor;
				CODE_SIGN_STYLE = Automatic;
				CURRENT_PROJECT_VERSION = 1;
				DEVELOPMENT_ASSET_PATHS = "\"MovieApp/Preview Content\"";
				DEVELOPMENT_TEAM = 7DYNZD5669;
				ENABLE_PREVIEWS = YES;
				GENERATE_INFOPLIST_FILE = YES;
				INFOPLIST_KEY_UIApplicationSceneManifest_Generation = YES;
				INFOPLIST_KEY_UIApplicationSupportsIndirectInputEvents = YES;
				INFOPLIST_KEY_UILaunchScreen_Generation = YES;
				INFOPLIST_KEY_UIRequiresFullScreen = YES;
				INFOPLIST_KEY_UISupportedInterfaceOrientations = UIInterfaceOrientationPortrait;
				INFOPLIST_KEY_UISupportedInterfaceOrientations_iPad = "UIInterfaceOrientationLandscapeLeft UIInterfaceOrientationLandscapeRight";
				IPHONEOS_DEPLOYMENT_TARGET = 15.4;
				LD_RUNPATH_SEARCH_PATHS = (
					"$(inherited)",
					"@executable_path/Frameworks",
				);
				MARKETING_VERSION = 1.0;
				PRODUCT_BUNDLE_IDENTIFIER = com.zakariafekrane.MovieApp;
				PRODUCT_NAME = "$(TARGET_NAME)";
				SWIFT_EMIT_LOC_STRINGS = YES;
				SWIFT_VERSION = 5.0;
				TARGETED_DEVICE_FAMILY = "1,2";
			};
			name = Release;
		};
		20AA35862B0E1838006B8C3B /* Debug */ = {
			isa = XCBuildConfiguration;
			buildSettings = {
				ALWAYS_EMBED_SWIFT_STANDARD_LIBRARIES = YES;
				BUNDLE_LOADER = "$(TEST_HOST)";
				CODE_SIGN_STYLE = Automatic;
				CURRENT_PROJECT_VERSION = 1;
				DEVELOPMENT_TEAM = 7DYNZD5669;
				GENERATE_INFOPLIST_FILE = YES;
				IPHONEOS_DEPLOYMENT_TARGET = 17.0;
				MARKETING_VERSION = 1.0;
				PRODUCT_BUNDLE_IDENTIFIER = com.zakariafekrane.MovieAppTests;
				PRODUCT_NAME = "$(TARGET_NAME)";
				SWIFT_EMIT_LOC_STRINGS = NO;
				SWIFT_VERSION = 5.0;
				TARGETED_DEVICE_FAMILY = "1,2";
				TEST_HOST = "$(BUILT_PRODUCTS_DIR)/MovieApp.app/$(BUNDLE_EXECUTABLE_FOLDER_PATH)/MovieApp";
			};
			name = Debug;
		};
		20AA35872B0E1838006B8C3B /* Release */ = {
			isa = XCBuildConfiguration;
			buildSettings = {
				ALWAYS_EMBED_SWIFT_STANDARD_LIBRARIES = YES;
				BUNDLE_LOADER = "$(TEST_HOST)";
				CODE_SIGN_STYLE = Automatic;
				CURRENT_PROJECT_VERSION = 1;
				DEVELOPMENT_TEAM = 7DYNZD5669;
				GENERATE_INFOPLIST_FILE = YES;
				IPHONEOS_DEPLOYMENT_TARGET = 17.0;
				MARKETING_VERSION = 1.0;
				PRODUCT_BUNDLE_IDENTIFIER = com.zakariafekrane.MovieAppTests;
				PRODUCT_NAME = "$(TARGET_NAME)";
				SWIFT_EMIT_LOC_STRINGS = NO;
				SWIFT_VERSION = 5.0;
				TARGETED_DEVICE_FAMILY = "1,2";
				TEST_HOST = "$(BUILT_PRODUCTS_DIR)/MovieApp.app/$(BUNDLE_EXECUTABLE_FOLDER_PATH)/MovieApp";
			};
			name = Release;
		};
		20AA35892B0E1838006B8C3B /* Debug */ = {
			isa = XCBuildConfiguration;
			buildSettings = {
				ALWAYS_EMBED_SWIFT_STANDARD_LIBRARIES = YES;
				CODE_SIGN_STYLE = Automatic;
				CURRENT_PROJECT_VERSION = 1;
				DEVELOPMENT_TEAM = 7DYNZD5669;
				GENERATE_INFOPLIST_FILE = YES;
				MARKETING_VERSION = 1.0;
				PRODUCT_BUNDLE_IDENTIFIER = com.zakariafekrane.MovieAppUITests;
				PRODUCT_NAME = "$(TARGET_NAME)";
				SWIFT_EMIT_LOC_STRINGS = NO;
				SWIFT_VERSION = 5.0;
				TARGETED_DEVICE_FAMILY = "1,2";
				TEST_TARGET_NAME = MovieApp;
			};
			name = Debug;
		};
		20AA358A2B0E1838006B8C3B /* Release */ = {
			isa = XCBuildConfiguration;
			buildSettings = {
				ALWAYS_EMBED_SWIFT_STANDARD_LIBRARIES = YES;
				CODE_SIGN_STYLE = Automatic;
				CURRENT_PROJECT_VERSION = 1;
				DEVELOPMENT_TEAM = 7DYNZD5669;
				GENERATE_INFOPLIST_FILE = YES;
				MARKETING_VERSION = 1.0;
				PRODUCT_BUNDLE_IDENTIFIER = com.zakariafekrane.MovieAppUITests;
				PRODUCT_NAME = "$(TARGET_NAME)";
				SWIFT_EMIT_LOC_STRINGS = NO;
				SWIFT_VERSION = 5.0;
				TARGETED_DEVICE_FAMILY = "1,2";
				TEST_TARGET_NAME = MovieApp;
			};
			name = Release;
		};
/* End XCBuildConfiguration section */

/* Begin XCConfigurationList section */
		20AA35542B0E1835006B8C3B /* Build configuration list for PBXProject "MovieApp" */ = {
			isa = XCConfigurationList;
			buildConfigurations = (
				20AA35802B0E1838006B8C3B /* Debug */,
				20AA35812B0E1838006B8C3B /* Release */,
			);
			defaultConfigurationIsVisible = 0;
			defaultConfigurationName = Release;
		};
		20AA35822B0E1838006B8C3B /* Build configuration list for PBXNativeTarget "MovieApp" */ = {
			isa = XCConfigurationList;
			buildConfigurations = (
				20AA35832B0E1838006B8C3B /* Debug */,
				20AA35842B0E1838006B8C3B /* Release */,
			);
			defaultConfigurationIsVisible = 0;
			defaultConfigurationName = Release;
		};
		20AA35852B0E1838006B8C3B /* Build configuration list for PBXNativeTarget "MovieAppTests" */ = {
			isa = XCConfigurationList;
			buildConfigurations = (
				20AA35862B0E1838006B8C3B /* Debug */,
				20AA35872B0E1838006B8C3B /* Release */,
			);
			defaultConfigurationIsVisible = 0;
			defaultConfigurationName = Release;
		};
		20AA35882B0E1838006B8C3B /* Build configuration list for PBXNativeTarget "MovieAppUITests" */ = {
			isa = XCConfigurationList;
			buildConfigurations = (
				20AA35892B0E1838006B8C3B /* Debug */,
				20AA358A2B0E1838006B8C3B /* Release */,
			);
			defaultConfigurationIsVisible = 0;
			defaultConfigurationName = Release;
		};
/* End XCConfigurationList section */

/* Begin XCRemoteSwiftPackageReference section */
		20AA35902B0E6C23006B8C3B /* XCRemoteSwiftPackageReference "RxSwift" */ = {
			isa = XCRemoteSwiftPackageReference;
			repositoryURL = "https://github.com/ReactiveX/RxSwift.git";
			requirement = {
				kind = upToNextMajorVersion;
				minimumVersion = 6.6.0;
			};
		};
/* End XCRemoteSwiftPackageReference section */

/* Begin XCSwiftPackageProductDependency section */
		20AA35912B0E6C23006B8C3B /* RxSwift */ = {
			isa = XCSwiftPackageProductDependency;
			package = 20AA35902B0E6C23006B8C3B /* XCRemoteSwiftPackageReference "RxSwift" */;
			productName = RxSwift;
		};
/* End XCSwiftPackageProductDependency section */

/* Begin XCVersionGroup section */
		20AA35672B0E1837006B8C3B /* MovieApp.xcdatamodeld */ = {
			isa = XCVersionGroup;
			children = (
				20AA35682B0E1837006B8C3B /* MovieApp.xcdatamodel */,
			);
			currentVersion = 20AA35682B0E1837006B8C3B /* MovieApp.xcdatamodel */;
			path = MovieApp.xcdatamodeld;
			sourceTree = "<group>";
			versionGroupType = wrapper.xcdatamodel;
		};
/* End XCVersionGroup section */
	};
	rootObject = 20AA35512B0E1835006B8C3B /* Project object */;
}
